
Microsoft Visual Studio Solution File, Format Version 12.00
# Visual Studio 15
VisualStudioVersion = 15.0.27428.2027
MinimumVisualStudioVersion = 10.0.40219.1
Project("{FAE04EC0-301F-11D3-BF4B-00C04F79EFBC}") = "XFSpeechToText.Android", "XFSpeechToText\XFSpeechToText.Android\XFSpeechToText.Android.csproj", "{70F04C1F-C37E-4D83-B327-BD01BBBF4529}"
EndProject
Project("{FAE04EC0-301F-11D3-BF4B-00C04F79EFBC}") = "XFSpeechToText.iOS", "XFSpeechToText\XFSpeechToText.iOS\XFSpeechToText.iOS.csproj", "{ABD62974-9C85-441D-8A7F-E28B2E8D8545}"
EndProject
Project("{FAE04EC0-301F-11D3-BF4B-00C04F79EFBC}") = "XFSpeechToText.UWP", "XFSpeechToText\XFSpeechToText.UWP\XFSpeechToText.UWP.csproj", "{976E6DB7-0BC7-43DA-A27B-0024EBD531EF}"
EndProject
Project("{FAE04EC0-301F-11D3-BF4B-00C04F79EFBC}") = "XFSpeechToText", "XFSpeechToText\XFSpeechToText\XFSpeechToText.csproj", "{3860DDA7-2E87-4A45-98E7-D8FF6767E5DF}"
EndProject
Global
	GlobalSection(SolutionConfigurationPlatforms) = preSolution
		Ad-Hoc|Any CPU = Ad-Hoc|Any CPU
		Ad-Hoc|ARM = Ad-Hoc|ARM
		Ad-Hoc|iPhone = Ad-Hoc|iPhone
		Ad-Hoc|iPhoneSimulator = Ad-Hoc|iPhoneSimulator
		Ad-Hoc|x64 = Ad-Hoc|x64
		Ad-Hoc|x86 = Ad-Hoc|x86
		AppStore|Any CPU = AppStore|Any CPU
		AppStore|ARM = AppStore|ARM
		AppStore|iPhone = AppStore|iPhone
		AppStore|iPhoneSimulator = AppStore|iPhoneSimulator
		AppStore|x64 = AppStore|x64
		AppStore|x86 = AppStore|x86
		Debug|Any CPU = Debug|Any CPU
		Debug|ARM = Debug|ARM
		Debug|iPhone = Debug|iPhone
		Debug|iPhoneSimulator = Debug|iPhoneSimulator
		Debug|x64 = Debug|x64
		Debug|x86 = Debug|x86
		Release|Any CPU = Release|Any CPU
		Release|ARM = Release|ARM
		Release|iPhone = Release|iPhone
		Release|iPhoneSimulator = Release|iPhoneSimulator
		Release|x64 = Release|x64
		Release|x86 = Release|x86
	EndGlobalSection
	GlobalSection(ProjectConfigurationPlatforms) = postSolution
		{70F04C1F-C37E-4D83-B327-BD01BBBF4529}.Ad-Hoc|Any CPU.ActiveCfg = Release|Any CPU
		{70F04C1F-C37E-4D83-B327-BD01BBBF4529}.Ad-Hoc|Any CPU.Build.0 = Release|Any CPU
		{70F04C1F-C37E-4D83-B327-BD01BBBF4529}.Ad-Hoc|Any CPU.Deploy.0 = Release|Any CPU
		{70F04C1F-C37E-4D83-B327-BD01BBBF4529}.Ad-Hoc|ARM.ActiveCfg = Release|Any CPU
		{70F04C1F-C37E-4D83-B327-BD01BBBF4529}.Ad-Hoc|ARM.Build.0 = Release|Any CPU
		{70F04C1F-C37E-4D83-B327-BD01BBBF4529}.Ad-Hoc|ARM.Deploy.0 = Release|Any CPU
		{70F04C1F-C37E-4D83-B327-BD01BBBF4529}.Ad-Hoc|iPhone.ActiveCfg = Release|Any CPU
		{70F04C1F-C37E-4D83-B327-BD01BBBF4529}.Ad-Hoc|iPhone.Build.0 = Release|Any CPU
		{70F04C1F-C37E-4D83-B327-BD01BBBF4529}.Ad-Hoc|iPhone.Deploy.0 = Release|Any CPU
		{70F04C1F-C37E-4D83-B327-BD01BBBF4529}.Ad-Hoc|iPhoneSimulator.ActiveCfg = Release|Any CPU
		{70F04C1F-C37E-4D83-B327-BD01BBBF4529}.Ad-Hoc|iPhoneSimulator.Build.0 = Release|Any CPU
		{70F04C1F-C37E-4D83-B327-BD01BBBF4529}.Ad-Hoc|iPhoneSimulator.Deploy.0 = Release|Any CPU
		{70F04C1F-C37E-4D83-B327-BD01BBBF4529}.Ad-Hoc|x64.ActiveCfg = Release|Any CPU
		{70F04C1F-C37E-4D83-B327-BD01BBBF4529}.Ad-Hoc|x64.Build.0 = Release|Any CPU
		{70F04C1F-C37E-4D83-B327-BD01BBBF4529}.Ad-Hoc|x64.Deploy.0 = Release|Any CPU
		{70F04C1F-C37E-4D83-B327-BD01BBBF4529}.Ad-Hoc|x86.ActiveCfg = Release|Any CPU
		{70F04C1F-C37E-4D83-B327-BD01BBBF4529}.Ad-Hoc|x86.Build.0 = Release|Any CPU
		{70F04C1F-C37E-4D83-B327-BD01BBBF4529}.Ad-Hoc|x86.Deploy.0 = Release|Any CPU
		{70F04C1F-C37E-4D83-B327-BD01BBBF4529}.AppStore|Any CPU.ActiveCfg = Release|Any CPU
		{70F04C1F-C37E-4D83-B327-BD01BBBF4529}.AppStore|Any CPU.Build.0 = Release|Any CPU
		{70F04C1F-C37E-4D83-B327-BD01BBBF4529}.AppStore|Any CPU.Deploy.0 = Release|Any CPU
		{70F04C1F-C37E-4D83-B327-BD01BBBF4529}.AppStore|ARM.ActiveCfg = Release|Any CPU
		{70F04C1F-C37E-4D83-B327-BD01BBBF4529}.AppStore|ARM.Build.0 = Release|Any CPU
		{70F04C1F-C37E-4D83-B327-BD01BBBF4529}.AppStore|ARM.Deploy.0 = Release|Any CPU
		{70F04C1F-C37E-4D83-B327-BD01BBBF4529}.AppStore|iPhone.ActiveCfg = Release|Any CPU
		{70F04C1F-C37E-4D83-B327-BD01BBBF4529}.AppStore|iPhone.Build.0 = Release|Any CPU
		{70F04C1F-C37E-4D83-B327-BD01BBBF4529}.AppStore|iPhone.Deploy.0 = Release|Any CPU
		{70F04C1F-C37E-4D83-B327-BD01BBBF4529}.AppStore|iPhoneSimulator.ActiveCfg = Release|Any CPU
		{70F04C1F-C37E-4D83-B327-BD01BBBF4529}.AppStore|iPhoneSimulator.Build.0 = Release|Any CPU
		{70F04C1F-C37E-4D83-B327-BD01BBBF4529}.AppStore|iPhoneSimulator.Deploy.0 = Release|Any CPU
		{70F04C1F-C37E-4D83-B327-BD01BBBF4529}.AppStore|x64.ActiveCfg = Release|Any CPU
		{70F04C1F-C37E-4D83-B327-BD01BBBF4529}.AppStore|x64.Build.0 = Release|Any CPU
		{70F04C1F-C37E-4D83-B327-BD01BBBF4529}.AppStore|x64.Deploy.0 = Release|Any CPU
		{70F04C1F-C37E-4D83-B327-BD01BBBF4529}.AppStore|x86.ActiveCfg = Release|Any CPU
		{70F04C1F-C37E-4D83-B327-BD01BBBF4529}.AppStore|x86.Build.0 = Release|Any CPU
		{70F04C1F-C37E-4D83-B327-BD01BBBF4529}.AppStore|x86.Deploy.0 = Release|Any CPU
		{70F04C1F-C37E-4D83-B327-BD01BBBF4529}.Debug|Any CPU.ActiveCfg = Debug|Any CPU
		{70F04C1F-C37E-4D83-B327-BD01BBBF4529}.Debug|Any CPU.Build.0 = Debug|Any CPU
		{70F04C1F-C37E-4D83-B327-BD01BBBF4529}.Debug|Any CPU.Deploy.0 = Debug|Any CPU
		{70F04C1F-C37E-4D83-B327-BD01BBBF4529}.Debug|ARM.ActiveCfg = Debug|Any CPU
		{70F04C1F-C37E-4D83-B327-BD01BBBF4529}.Debug|ARM.Build.0 = Debug|Any CPU
		{70F04C1F-C37E-4D83-B327-BD01BBBF4529}.Debug|ARM.Deploy.0 = Debug|Any CPU
		{70F04C1F-C37E-4D83-B327-BD01BBBF4529}.Debug|iPhone.ActiveCfg = Debug|Any CPU
		{70F04C1F-C37E-4D83-B327-BD01BBBF4529}.Debug|iPhone.Build.0 = Debug|Any CPU
		{70F04C1F-C37E-4D83-B327-BD01BBBF4529}.Debug|iPhone.Deploy.0 = Debug|Any CPU
		{70F04C1F-C37E-4D83-B327-BD01BBBF4529}.Debug|iPhoneSimulator.ActiveCfg = Debug|Any CPU
		{70F04C1F-C37E-4D83-B327-BD01BBBF4529}.Debug|iPhoneSimulator.Build.0 = Debug|Any CPU
		{70F04C1F-C37E-4D83-B327-BD01BBBF4529}.Debug|iPhoneSimulator.Deploy.0 = Debug|Any CPU
		{70F04C1F-C37E-4D83-B327-BD01BBBF4529}.Debug|x64.ActiveCfg = Debug|Any CPU
		{70F04C1F-C37E-4D83-B327-BD01BBBF4529}.Debug|x64.Build.0 = Debug|Any CPU
		{70F04C1F-C37E-4D83-B327-BD01BBBF4529}.Debug|x64.Deploy.0 = Debug|Any CPU
		{70F04C1F-C37E-4D83-B327-BD01BBBF4529}.Debug|x86.ActiveCfg = Debug|Any CPU
		{70F04C1F-C37E-4D83-B327-BD01BBBF4529}.Debug|x86.Build.0 = Debug|Any CPU
		{70F04C1F-C37E-4D83-B327-BD01BBBF4529}.Debug|x86.Deploy.0 = Debug|Any CPU
		{70F04C1F-C37E-4D83-B327-BD01BBBF4529}.Release|Any CPU.ActiveCfg = Release|Any CPU
		{70F04C1F-C37E-4D83-B327-BD01BBBF4529}.Release|Any CPU.Build.0 = Release|Any CPU
		{70F04C1F-C37E-4D83-B327-BD01BBBF4529}.Release|Any CPU.Deploy.0 = Release|Any CPU
		{70F04C1F-C37E-4D83-B327-BD01BBBF4529}.Release|ARM.ActiveCfg = Release|Any CPU
		{70F04C1F-C37E-4D83-B327-BD01BBBF4529}.Release|ARM.Build.0 = Release|Any CPU
		{70F04C1F-C37E-4D83-B327-BD01BBBF4529}.Release|ARM.Deploy.0 = Release|Any CPU
		{70F04C1F-C37E-4D83-B327-BD01BBBF4529}.Release|iPhone.ActiveCfg = Release|Any CPU
		{70F04C1F-C37E-4D83-B327-BD01BBBF4529}.Release|iPhone.Build.0 = Release|Any CPU
		{70F04C1F-C37E-4D83-B327-BD01BBBF4529}.Release|iPhone.Deploy.0 = Release|Any CPU
		{70F04C1F-C37E-4D83-B327-BD01BBBF4529}.Release|iPhoneSimulator.ActiveCfg = Release|Any CPU
		{70F04C1F-C37E-4D83-B327-BD01BBBF4529}.Release|iPhoneSimulator.Build.0 = Release|Any CPU
		{70F04C1F-C37E-4D83-B327-BD01BBBF4529}.Release|iPhoneSimulator.Deploy.0 = Release|Any CPU
		{70F04C1F-C37E-4D83-B327-BD01BBBF4529}.Release|x64.ActiveCfg = Release|Any CPU
		{70F04C1F-C37E-4D83-B327-BD01BBBF4529}.Release|x64.Build.0 = Release|Any CPU
		{70F04C1F-C37E-4D83-B327-BD01BBBF4529}.Release|x64.Deploy.0 = Release|Any CPU
		{70F04C1F-C37E-4D83-B327-BD01BBBF4529}.Release|x86.ActiveCfg = Release|Any CPU
		{70F04C1F-C37E-4D83-B327-BD01BBBF4529}.Release|x86.Build.0 = Release|Any CPU
		{70F04C1F-C37E-4D83-B327-BD01BBBF4529}.Release|x86.Deploy.0 = Release|Any CPU
		{ABD62974-9C85-441D-8A7F-E28B2E8D8545}.Ad-Hoc|Any CPU.ActiveCfg = Ad-Hoc|iPhone
		{ABD62974-9C85-441D-8A7F-E28B2E8D8545}.Ad-Hoc|ARM.ActiveCfg = Ad-Hoc|iPhone
		{ABD62974-9C85-441D-8A7F-E28B2E8D8545}.Ad-Hoc|iPhone.ActiveCfg = Ad-Hoc|iPhone
		{ABD62974-9C85-441D-8A7F-E28B2E8D8545}.Ad-Hoc|iPhone.Build.0 = Ad-Hoc|iPhone
		{ABD62974-9C85-441D-8A7F-E28B2E8D8545}.Ad-Hoc|iPhoneSimulator.ActiveCfg = Ad-Hoc|iPhoneSimulator
		{ABD62974-9C85-441D-8A7F-E28B2E8D8545}.Ad-Hoc|iPhoneSimulator.Build.0 = Ad-Hoc|iPhoneSimulator
		{ABD62974-9C85-441D-8A7F-E28B2E8D8545}.Ad-Hoc|x64.ActiveCfg = Ad-Hoc|iPhone
		{ABD62974-9C85-441D-8A7F-E28B2E8D8545}.Ad-Hoc|x86.ActiveCfg = Ad-Hoc|iPhone
		{ABD62974-9C85-441D-8A7F-E28B2E8D8545}.AppStore|Any CPU.ActiveCfg = AppStore|iPhone
		{ABD62974-9C85-441D-8A7F-E28B2E8D8545}.AppStore|ARM.ActiveCfg = AppStore|iPhone
		{ABD62974-9C85-441D-8A7F-E28B2E8D8545}.AppStore|iPhone.ActiveCfg = AppStore|iPhone
		{ABD62974-9C85-441D-8A7F-E28B2E8D8545}.AppStore|iPhone.Build.0 = AppStore|iPhone
		{ABD62974-9C85-441D-8A7F-E28B2E8D8545}.AppStore|iPhoneSimulator.ActiveCfg = AppStore|iPhoneSimulator
		{ABD62974-9C85-441D-8A7F-E28B2E8D8545}.AppStore|iPhoneSimulator.Build.0 = AppStore|iPhoneSimulator
		{ABD62974-9C85-441D-8A7F-E28B2E8D8545}.AppStore|x64.ActiveCfg = AppStore|iPhone
		{ABD62974-9C85-441D-8A7F-E28B2E8D8545}.AppStore|x86.ActiveCfg = AppStore|iPhone
		{ABD62974-9C85-441D-8A7F-E28B2E8D8545}.Debug|Any CPU.ActiveCfg = Debug|iPhone
		{ABD62974-9C85-441D-8A7F-E28B2E8D8545}.Debug|ARM.ActiveCfg = Debug|iPhone
		{ABD62974-9C85-441D-8A7F-E28B2E8D8545}.Debug|iPhone.ActiveCfg = Debug|iPhone
		{ABD62974-9C85-441D-8A7F-E28B2E8D8545}.Debug|iPhone.Build.0 = Debug|iPhone
		{ABD62974-9C85-441D-8A7F-E28B2E8D8545}.Debug|iPhoneSimulator.ActiveCfg = Debug|iPhoneSimulator
		{ABD62974-9C85-441D-8A7F-E28B2E8D8545}.Debug|iPhoneSimulator.Build.0 = Debug|iPhoneSimulator
		{ABD62974-9C85-441D-8A7F-E28B2E8D8545}.Debug|x64.ActiveCfg = Debug|iPhone
		{ABD62974-9C85-441D-8A7F-E28B2E8D8545}.Debug|x86.ActiveCfg = Debug|iPhone
		{ABD62974-9C85-441D-8A7F-E28B2E8D8545}.Release|Any CPU.ActiveCfg = Release|iPhone
		{ABD62974-9C85-441D-8A7F-E28B2E8D8545}.Release|ARM.ActiveCfg = Release|iPhone
		{ABD62974-9C85-441D-8A7F-E28B2E8D8545}.Release|iPhone.ActiveCfg = Release|iPhone
		{ABD62974-9C85-441D-8A7F-E28B2E8D8545}.Release|iPhone.Build.0 = Release|iPhone
		{ABD62974-9C85-441D-8A7F-E28B2E8D8545}.Release|iPhoneSimulator.ActiveCfg = Release|iPhoneSimulator
		{ABD62974-9C85-441D-8A7F-E28B2E8D8545}.Release|iPhoneSimulator.Build.0 = Release|iPhoneSimulator
		{ABD62974-9C85-441D-8A7F-E28B2E8D8545}.Release|x64.ActiveCfg = Release|iPhone
		{ABD62974-9C85-441D-8A7F-E28B2E8D8545}.Release|x86.ActiveCfg = Release|iPhone
		{976E6DB7-0BC7-43DA-A27B-0024EBD531EF}.Ad-Hoc|Any CPU.ActiveCfg = Release|x86
		{976E6DB7-0BC7-43DA-A27B-0024EBD531EF}.Ad-Hoc|Any CPU.Build.0 = Release|x86
		{976E6DB7-0BC7-43DA-A27B-0024EBD531EF}.Ad-Hoc|Any CPU.Deploy.0 = Release|x86
		{976E6DB7-0BC7-43DA-A27B-0024EBD531EF}.Ad-Hoc|ARM.ActiveCfg = Release|ARM
		{976E6DB7-0BC7-43DA-A27B-0024EBD531EF}.Ad-Hoc|ARM.Build.0 = Release|ARM
		{976E6DB7-0BC7-43DA-A27B-0024EBD531EF}.Ad-Hoc|ARM.Deploy.0 = Release|ARM
		{976E6DB7-0BC7-43DA-A27B-0024EBD531EF}.Ad-Hoc|iPhone.ActiveCfg = Release|x86
		{976E6DB7-0BC7-43DA-A27B-0024EBD531EF}.Ad-Hoc|iPhone.Build.0 = Release|x86
		{976E6DB7-0BC7-43DA-A27B-0024EBD531EF}.Ad-Hoc|iPhone.Deploy.0 = Release|x86
		{976E6DB7-0BC7-43DA-A27B-0024EBD531EF}.Ad-Hoc|iPhoneSimulator.ActiveCfg = Release|x86
		{976E6DB7-0BC7-43DA-A27B-0024EBD531EF}.Ad-Hoc|iPhoneSimulator.Build.0 = Release|x86
		{976E6DB7-0BC7-43DA-A27B-0024EBD531EF}.Ad-Hoc|iPhoneSimulator.Deploy.0 = Release|x86
		{976E6DB7-0BC7-43DA-A27B-0024EBD531EF}.Ad-Hoc|x64.ActiveCfg = Release|x64
		{976E6DB7-0BC7-43DA-A27B-0024EBD531EF}.Ad-Hoc|x64.Build.0 = Release|x64
		{976E6DB7-0BC7-43DA-A27B-0024EBD531EF}.Ad-Hoc|x64.Deploy.0 = Release|x64
		{976E6DB7-0BC7-43DA-A27B-0024EBD531EF}.Ad-Hoc|x86.ActiveCfg = Release|x86
		{976E6DB7-0BC7-43DA-A27B-0024EBD531EF}.Ad-Hoc|x86.Build.0 = Release|x86
		{976E6DB7-0BC7-43DA-A27B-0024EBD531EF}.Ad-Hoc|x86.Deploy.0 = Release|x86
		{976E6DB7-0BC7-43DA-A27B-0024EBD531EF}.AppStore|Any CPU.ActiveCfg = Release|x86
		{976E6DB7-0BC7-43DA-A27B-0024EBD531EF}.AppStore|Any CPU.Build.0 = Release|x86
		{976E6DB7-0BC7-43DA-A27B-0024EBD531EF}.AppStore|Any CPU.Deploy.0 = Release|x86
		{976E6DB7-0BC7-43DA-A27B-0024EBD531EF}.AppStore|ARM.ActiveCfg = Release|ARM
		{976E6DB7-0BC7-43DA-A27B-0024EBD531EF}.AppStore|ARM.Build.0 = Release|ARM
		{976E6DB7-0BC7-43DA-A27B-0024EBD531EF}.AppStore|ARM.Deploy.0 = Release|ARM
		{976E6DB7-0BC7-43DA-A27B-0024EBD531EF}.AppStore|iPhone.ActiveCfg = Release|x86
		{976E6DB7-0BC7-43DA-A27B-0024EBD531EF}.AppStore|iPhone.Build.0 = Release|x86
		{976E6DB7-0BC7-43DA-A27B-0024EBD531EF}.AppStore|iPhone.Deploy.0 = Release|x86
		{976E6DB7-0BC7-43DA-A27B-0024EBD531EF}.AppStore|iPhoneSimulator.ActiveCfg = Release|x86
		{976E6DB7-0BC7-43DA-A27B-0024EBD531EF}.AppStore|iPhoneSimulator.Build.0 = Release|x86
		{976E6DB7-0BC7-43DA-A27B-0024EBD531EF}.AppStore|iPhoneSimulator.Deploy.0 = Release|x86
		{976E6DB7-0BC7-43DA-A27B-0024EBD531EF}.AppStore|x64.ActiveCfg = Release|x64
		{976E6DB7-0BC7-43DA-A27B-0024EBD531EF}.AppStore|x64.Build.0 = Release|x64
		{976E6DB7-0BC7-43DA-A27B-0024EBD531EF}.AppStore|x64.Deploy.0 = Release|x64
		{976E6DB7-0BC7-43DA-A27B-0024EBD531EF}.AppStore|x86.ActiveCfg = Release|x86
		{976E6DB7-0BC7-43DA-A27B-0024EBD531EF}.AppStore|x86.Build.0 = Release|x86
		{976E6DB7-0BC7-43DA-A27B-0024EBD531EF}.AppStore|x86.Deploy.0 = Release|x86
		{976E6DB7-0BC7-43DA-A27B-0024EBD531EF}.Debug|Any CPU.ActiveCfg = Debug|x86
		{976E6DB7-0BC7-43DA-A27B-0024EBD531EF}.Debug|ARM.ActiveCfg = Debug|ARM
		{976E6DB7-0BC7-43DA-A27B-0024EBD531EF}.Debug|ARM.Build.0 = Debug|ARM
		{976E6DB7-0BC7-43DA-A27B-0024EBD531EF}.Debug|ARM.Deploy.0 = Debug|ARM
		{976E6DB7-0BC7-43DA-A27B-0024EBD531EF}.Debug|iPhone.ActiveCfg = Debug|x86
		{976E6DB7-0BC7-43DA-A27B-0024EBD531EF}.Debug|iPhoneSimulator.ActiveCfg = Debug|x86
		{976E6DB7-0BC7-43DA-A27B-0024EBD531EF}.Debug|x64.ActiveCfg = Debug|x64
		{976E6DB7-0BC7-43DA-A27B-0024EBD531EF}.Debug|x64.Build.0 = Debug|x64
		{976E6DB7-0BC7-43DA-A27B-0024EBD531EF}.Debug|x64.Deploy.0 = Debug|x64
		{976E6DB7-0BC7-43DA-A27B-0024EBD531EF}.Debug|x86.ActiveCfg = Debug|x86
		{976E6DB7-0BC7-43DA-A27B-0024EBD531EF}.Debug|x86.Build.0 = Debug|x86
		{976E6DB7-0BC7-43DA-A27B-0024EBD531EF}.Debug|x86.Deploy.0 = Debug|x86
		{976E6DB7-0BC7-43DA-A27B-0024EBD531EF}.Release|Any CPU.ActiveCfg = Release|x86
		{976E6DB7-0BC7-43DA-A27B-0024EBD531EF}.Release|ARM.ActiveCfg = Release|ARM
		{976E6DB7-0BC7-43DA-A27B-0024EBD531EF}.Release|ARM.Build.0 = Release|ARM
		{976E6DB7-0BC7-43DA-A27B-0024EBD531EF}.Release|ARM.Deploy.0 = Release|ARM
		{976E6DB7-0BC7-43DA-A27B-0024EBD531EF}.Release|iPhone.ActiveCfg = Release|x86
		{976E6DB7-0BC7-43DA-A27B-0024EBD531EF}.Release|iPhoneSimulator.ActiveCfg = Release|x86
		{976E6DB7-0BC7-43DA-A27B-0024EBD531EF}.Release|x64.ActiveCfg = Release|x64
		{976E6DB7-0BC7-43DA-A27B-0024EBD531EF}.Release|x64.Build.0 = Release|x64
		{976E6DB7-0BC7-43DA-A27B-0024EBD531EF}.Release|x64.Deploy.0 = Release|x64
		{976E6DB7-0BC7-43DA-A27B-0024EBD531EF}.Release|x86.ActiveCfg = Release|x86
		{976E6DB7-0BC7-43DA-A27B-0024EBD531EF}.Release|x86.Build.0 = Release|x86
		{976E6DB7-0BC7-43DA-A27B-0024EBD531EF}.Release|x86.Deploy.0 = Release|x86
		{3860DDA7-2E87-4A45-98E7-D8FF6767E5DF}.Ad-Hoc|Any CPU.ActiveCfg = Debug|Any CPU
		{3860DDA7-2E87-4A45-98E7-D8FF6767E5DF}.Ad-Hoc|Any CPU.Build.0 = Debug|Any CPU
		{3860DDA7-2E87-4A45-98E7-D8FF6767E5DF}.Ad-Hoc|ARM.ActiveCfg = Debug|Any CPU
		{3860DDA7-2E87-4A45-98E7-D8FF6767E5DF}.Ad-Hoc|ARM.Build.0 = Debug|Any CPU
		{3860DDA7-2E87-4A45-98E7-D8FF6767E5DF}.Ad-Hoc|iPhone.ActiveCfg = Debug|Any CPU
		{3860DDA7-2E87-4A45-98E7-D8FF6767E5DF}.Ad-Hoc|iPhone.Build.0 = Debug|Any CPU
		{3860DDA7-2E87-4A45-98E7-D8FF6767E5DF}.Ad-Hoc|iPhoneSimulator.ActiveCfg = Debug|Any CPU
		{3860DDA7-2E87-4A45-98E7-D8FF6767E5DF}.Ad-Hoc|iPhoneSimulator.Build.0 = Debug|Any CPU
		{3860DDA7-2E87-4A45-98E7-D8FF6767E5DF}.Ad-Hoc|x64.ActiveCfg = Debug|Any CPU
		{3860DDA7-2E87-4A45-98E7-D8FF6767E5DF}.Ad-Hoc|x64.Build.0 = Debug|Any CPU
		{3860DDA7-2E87-4A45-98E7-D8FF6767E5DF}.Ad-Hoc|x86.ActiveCfg = Debug|Any CPU
		{3860DDA7-2E87-4A45-98E7-D8FF6767E5DF}.Ad-Hoc|x86.Build.0 = Debug|Any CPU
		{3860DDA7-2E87-4A45-98E7-D8FF6767E5DF}.AppStore|Any CPU.ActiveCfg = Debug|Any CPU
		{3860DDA7-2E87-4A45-98E7-D8FF6767E5DF}.AppStore|Any CPU.Build.0 = Debug|Any CPU
		{3860DDA7-2E87-4A45-98E7-D8FF6767E5DF}.AppStore|ARM.ActiveCfg = Debug|Any CPU
		{3860DDA7-2E87-4A45-98E7-D8FF6767E5DF}.AppStore|ARM.Build.0 = Debug|Any CPU
		{3860DDA7-2E87-4A45-98E7-D8FF6767E5DF}.AppStore|iPhone.ActiveCfg = Debug|Any CPU
		{3860DDA7-2E87-4A45-98E7-D8FF6767E5DF}.AppStore|iPhone.Build.0 = Debug|Any CPU
		{3860DDA7-2E87-4A45-98E7-D8FF6767E5DF}.AppStore|iPhoneSimulator.ActiveCfg = Debug|Any CPU
		{3860DDA7-2E87-4A45-98E7-D8FF6767E5DF}.AppStore|iPhoneSimulator.Build.0 = Debug|Any CPU
		{3860DDA7-2E87-4A45-98E7-D8FF6767E5DF}.AppStore|x64.ActiveCfg = Debug|Any CPU
		{3860DDA7-2E87-4A45-98E7-D8FF6767E5DF}.AppStore|x64.Build.0 = Debug|Any CPU
		{3860DDA7-2E87-4A45-98E7-D8FF6767E5DF}.AppStore|x86.ActiveCfg = Debug|Any CPU
		{3860DDA7-2E87-4A45-98E7-D8FF6767E5DF}.AppStore|x86.Build.0 = Debug|Any CPU
		{3860DDA7-2E87-4A45-98E7-D8FF6767E5DF}.Debug|Any CPU.ActiveCfg = Debug|Any CPU
		{3860DDA7-2E87-4A45-98E7-D8FF6767E5DF}.Debug|Any CPU.Build.0 = Debug|Any CPU
		{3860DDA7-2E87-4A45-98E7-D8FF6767E5DF}.Debug|ARM.ActiveCfg = Debug|Any CPU
		{3860DDA7-2E87-4A45-98E7-D8FF6767E5DF}.Debug|ARM.Build.0 = Debug|Any CPU
		{3860DDA7-2E87-4A45-98E7-D8FF6767E5DF}.Debug|iPhone.ActiveCfg = Debug|Any CPU
		{3860DDA7-2E87-4A45-98E7-D8FF6767E5DF}.Debug|iPhone.Build.0 = Debug|Any CPU
		{3860DDA7-2E87-4A45-98E7-D8FF6767E5DF}.Debug|iPhoneSimulator.ActiveCfg = Debug|Any CPU
		{3860DDA7-2E87-4A45-98E7-D8FF6767E5DF}.Debug|iPhoneSimulator.Build.0 = Debug|Any CPU
		{3860DDA7-2E87-4A45-98E7-D8FF6767E5DF}.Debug|x64.ActiveCfg = Debug|Any CPU
		{3860DDA7-2E87-4A45-98E7-D8FF6767E5DF}.Debug|x64.Build.0 = Debug|Any CPU
		{3860DDA7-2E87-4A45-98E7-D8FF6767E5DF}.Debug|x86.ActiveCfg = Debug|Any CPU
		{3860DDA7-2E87-4A45-98E7-D8FF6767E5DF}.Debug|x86.Build.0 = Debug|Any CPU
		{3860DDA7-2E87-4A45-98E7-D8FF6767E5DF}.Release|Any CPU.ActiveCfg = Release|Any CPU
		{3860DDA7-2E87-4A45-98E7-D8FF6767E5DF}.Release|Any CPU.Build.0 = Release|Any CPU
		{3860DDA7-2E87-4A45-98E7-D8FF6767E5DF}.Release|ARM.ActiveCfg = Release|Any CPU
		{3860DDA7-2E87-4A45-98E7-D8FF6767E5DF}.Release|ARM.Build.0 = Release|Any CPU
		{3860DDA7-2E87-4A45-98E7-D8FF6767E5DF}.Release|iPhone.ActiveCfg = Release|Any CPU
		{3860DDA7-2E87-4A45-98E7-D8FF6767E5DF}.Release|iPhone.Build.0 = Release|Any CPU
		{3860DDA7-2E87-4A45-98E7-D8FF6767E5DF}.Release|iPhoneSimulator.ActiveCfg = Release|Any CPU
		{3860DDA7-2E87-4A45-98E7-D8FF6767E5DF}.Release|iPhoneSimulator.Build.0 = Release|Any CPU
		{3860DDA7-2E87-4A45-98E7-D8FF6767E5DF}.Release|x64.ActiveCfg = Release|Any CPU
		{3860DDA7-2E87-4A45-98E7-D8FF6767E5DF}.Release|x64.Build.0 = Release|Any CPU
		{3860DDA7-2E87-4A45-98E7-D8FF6767E5DF}.Release|x86.ActiveCfg = Release|Any CPU
		{3860DDA7-2E87-4A45-98E7-D8FF6767E5DF}.Release|x86.Build.0 = Release|Any CPU
	EndGlobalSection
	GlobalSection(SolutionProperties) = preSolution
		HideSolutionNode = FALSE
	EndGlobalSection
	GlobalSection(ExtensibilityGlobals) = postSolution
		SolutionGuid = {6357AC62-AA8F-4E6C-A2B5-71EA0C027E5E}
	EndGlobalSection
EndGlobal
