
Microsoft Visual Studio Solution File, Format Version 12.00
# Visual Studio 15
VisualStudioVersion = 15.0.26730.16
MinimumVisualStudioVersion = 10.0.40219.1
Project("{FAE04EC0-301F-11D3-BF4B-00C04F79EFBC}") = "SAPlayerSample", "SAPlayerSample\SAPlayerSample\SAPlayerSample.csproj", "{7A93C70C-3CE5-4228-9495-894648193FA5}"
EndProject
Project("{FAE04EC0-301F-11D3-BF4B-00C04F79EFBC}") = "SAPlayerSample.Droid", "SAPlayerSample\SAPlayerSample.Droid\SAPlayerSample.Droid.csproj", "{3B2B393E-5672-4CDA-A863-A0F831323F10}"
EndProject
Project("{FAE04EC0-301F-11D3-BF4B-00C04F79EFBC}") = "SAPlayerSample.iOS", "SAPlayerSample\SAPlayerSample.iOS\SAPlayerSample.iOS.csproj", "{7B8F469A-0F33-4A5A-BDD1-2258C2056161}"
EndProject
Project("{FAE04EC0-301F-11D3-BF4B-00C04F79EFBC}") = "SAPlayerSample.UWP", "SAPlayerSample\SAPlayerSample.UWP\SAPlayerSample.UWP.csproj", "{6DD6336A-DDEA-42D9-B27E-B3C4CB953214}"
EndProject
Project("{FAE04EC0-301F-11D3-BF4B-00C04F79EFBC}") = "SAPlayerSample.macOS", "SAPlayerSample\SAPlayerSample.macOS\SAPlayerSample.macOS.csproj", "{093FC924-E56F-41BB-95C3-5C4779A57FE6}"
EndProject
Global
	GlobalSection(SolutionConfigurationPlatforms) = preSolution
		Ad-Hoc|Any CPU = Ad-Hoc|Any CPU
		Ad-Hoc|ARM = Ad-Hoc|ARM
		Ad-Hoc|iPhone = Ad-Hoc|iPhone
		Ad-Hoc|iPhoneSimulator = Ad-Hoc|iPhoneSimulator
		Ad-Hoc|x64 = Ad-Hoc|x64
		Ad-Hoc|x86 = Ad-Hoc|x86
		AppStore|Any CPU = AppStore|Any CPU
		AppStore|ARM = AppStore|ARM
		AppStore|iPhone = AppStore|iPhone
		AppStore|iPhoneSimulator = AppStore|iPhoneSimulator
		AppStore|x64 = AppStore|x64
		AppStore|x86 = AppStore|x86
		Debug|Any CPU = Debug|Any CPU
		Debug|ARM = Debug|ARM
		Debug|iPhone = Debug|iPhone
		Debug|iPhoneSimulator = Debug|iPhoneSimulator
		Debug|x64 = Debug|x64
		Debug|x86 = Debug|x86
		Release|Any CPU = Release|Any CPU
		Release|ARM = Release|ARM
		Release|iPhone = Release|iPhone
		Release|iPhoneSimulator = Release|iPhoneSimulator
		Release|x64 = Release|x64
		Release|x86 = Release|x86
	EndGlobalSection
	GlobalSection(ProjectConfigurationPlatforms) = postSolution
		{7A93C70C-3CE5-4228-9495-894648193FA5}.Ad-Hoc|Any CPU.ActiveCfg = Release|Any CPU
		{7A93C70C-3CE5-4228-9495-894648193FA5}.Ad-Hoc|Any CPU.Build.0 = Release|Any CPU
		{7A93C70C-3CE5-4228-9495-894648193FA5}.Ad-Hoc|ARM.ActiveCfg = Release|Any CPU
		{7A93C70C-3CE5-4228-9495-894648193FA5}.Ad-Hoc|ARM.Build.0 = Release|Any CPU
		{7A93C70C-3CE5-4228-9495-894648193FA5}.Ad-Hoc|iPhone.ActiveCfg = Release|Any CPU
		{7A93C70C-3CE5-4228-9495-894648193FA5}.Ad-Hoc|iPhone.Build.0 = Release|Any CPU
		{7A93C70C-3CE5-4228-9495-894648193FA5}.Ad-Hoc|iPhoneSimulator.ActiveCfg = Release|Any CPU
		{7A93C70C-3CE5-4228-9495-894648193FA5}.Ad-Hoc|iPhoneSimulator.Build.0 = Release|Any CPU
		{7A93C70C-3CE5-4228-9495-894648193FA5}.Ad-Hoc|x64.ActiveCfg = Release|Any CPU
		{7A93C70C-3CE5-4228-9495-894648193FA5}.Ad-Hoc|x64.Build.0 = Release|Any CPU
		{7A93C70C-3CE5-4228-9495-894648193FA5}.Ad-Hoc|x86.ActiveCfg = Release|Any CPU
		{7A93C70C-3CE5-4228-9495-894648193FA5}.Ad-Hoc|x86.Build.0 = Release|Any CPU
		{7A93C70C-3CE5-4228-9495-894648193FA5}.AppStore|Any CPU.ActiveCfg = Release|Any CPU
		{7A93C70C-3CE5-4228-9495-894648193FA5}.AppStore|Any CPU.Build.0 = Release|Any CPU
		{7A93C70C-3CE5-4228-9495-894648193FA5}.AppStore|ARM.ActiveCfg = Release|Any CPU
		{7A93C70C-3CE5-4228-9495-894648193FA5}.AppStore|ARM.Build.0 = Release|Any CPU
		{7A93C70C-3CE5-4228-9495-894648193FA5}.AppStore|iPhone.ActiveCfg = Release|Any CPU
		{7A93C70C-3CE5-4228-9495-894648193FA5}.AppStore|iPhone.Build.0 = Release|Any CPU
		{7A93C70C-3CE5-4228-9495-894648193FA5}.AppStore|iPhoneSimulator.ActiveCfg = Release|Any CPU
		{7A93C70C-3CE5-4228-9495-894648193FA5}.AppStore|iPhoneSimulator.Build.0 = Release|Any CPU
		{7A93C70C-3CE5-4228-9495-894648193FA5}.AppStore|x64.ActiveCfg = Release|Any CPU
		{7A93C70C-3CE5-4228-9495-894648193FA5}.AppStore|x64.Build.0 = Release|Any CPU
		{7A93C70C-3CE5-4228-9495-894648193FA5}.AppStore|x86.ActiveCfg = Release|Any CPU
		{7A93C70C-3CE5-4228-9495-894648193FA5}.AppStore|x86.Build.0 = Release|Any CPU
		{7A93C70C-3CE5-4228-9495-894648193FA5}.Debug|Any CPU.ActiveCfg = Debug|Any CPU
		{7A93C70C-3CE5-4228-9495-894648193FA5}.Debug|Any CPU.Build.0 = Debug|Any CPU
		{7A93C70C-3CE5-4228-9495-894648193FA5}.Debug|ARM.ActiveCfg = Debug|Any CPU
		{7A93C70C-3CE5-4228-9495-894648193FA5}.Debug|ARM.Build.0 = Debug|Any CPU
		{7A93C70C-3CE5-4228-9495-894648193FA5}.Debug|iPhone.ActiveCfg = Debug|Any CPU
		{7A93C70C-3CE5-4228-9495-894648193FA5}.Debug|iPhone.Build.0 = Debug|Any CPU
		{7A93C70C-3CE5-4228-9495-894648193FA5}.Debug|iPhoneSimulator.ActiveCfg = Debug|Any CPU
		{7A93C70C-3CE5-4228-9495-894648193FA5}.Debug|iPhoneSimulator.Build.0 = Debug|Any CPU
		{7A93C70C-3CE5-4228-9495-894648193FA5}.Debug|x64.ActiveCfg = Debug|Any CPU
		{7A93C70C-3CE5-4228-9495-894648193FA5}.Debug|x64.Build.0 = Debug|Any CPU
		{7A93C70C-3CE5-4228-9495-894648193FA5}.Debug|x86.ActiveCfg = Debug|Any CPU
		{7A93C70C-3CE5-4228-9495-894648193FA5}.Debug|x86.Build.0 = Debug|Any CPU
		{7A93C70C-3CE5-4228-9495-894648193FA5}.Release|Any CPU.ActiveCfg = Release|Any CPU
		{7A93C70C-3CE5-4228-9495-894648193FA5}.Release|Any CPU.Build.0 = Release|Any CPU
		{7A93C70C-3CE5-4228-9495-894648193FA5}.Release|ARM.ActiveCfg = Release|Any CPU
		{7A93C70C-3CE5-4228-9495-894648193FA5}.Release|ARM.Build.0 = Release|Any CPU
		{7A93C70C-3CE5-4228-9495-894648193FA5}.Release|iPhone.ActiveCfg = Release|Any CPU
		{7A93C70C-3CE5-4228-9495-894648193FA5}.Release|iPhone.Build.0 = Release|Any CPU
		{7A93C70C-3CE5-4228-9495-894648193FA5}.Release|iPhoneSimulator.ActiveCfg = Release|Any CPU
		{7A93C70C-3CE5-4228-9495-894648193FA5}.Release|iPhoneSimulator.Build.0 = Release|Any CPU
		{7A93C70C-3CE5-4228-9495-894648193FA5}.Release|x64.ActiveCfg = Release|Any CPU
		{7A93C70C-3CE5-4228-9495-894648193FA5}.Release|x64.Build.0 = Release|Any CPU
		{7A93C70C-3CE5-4228-9495-894648193FA5}.Release|x86.ActiveCfg = Release|Any CPU
		{7A93C70C-3CE5-4228-9495-894648193FA5}.Release|x86.Build.0 = Release|Any CPU
		{3B2B393E-5672-4CDA-A863-A0F831323F10}.Ad-Hoc|Any CPU.ActiveCfg = Release|Any CPU
		{3B2B393E-5672-4CDA-A863-A0F831323F10}.Ad-Hoc|Any CPU.Build.0 = Release|Any CPU
		{3B2B393E-5672-4CDA-A863-A0F831323F10}.Ad-Hoc|Any CPU.Deploy.0 = Release|Any CPU
		{3B2B393E-5672-4CDA-A863-A0F831323F10}.Ad-Hoc|ARM.ActiveCfg = Release|Any CPU
		{3B2B393E-5672-4CDA-A863-A0F831323F10}.Ad-Hoc|ARM.Build.0 = Release|Any CPU
		{3B2B393E-5672-4CDA-A863-A0F831323F10}.Ad-Hoc|ARM.Deploy.0 = Release|Any CPU
		{3B2B393E-5672-4CDA-A863-A0F831323F10}.Ad-Hoc|iPhone.ActiveCfg = Release|Any CPU
		{3B2B393E-5672-4CDA-A863-A0F831323F10}.Ad-Hoc|iPhone.Build.0 = Release|Any CPU
		{3B2B393E-5672-4CDA-A863-A0F831323F10}.Ad-Hoc|iPhone.Deploy.0 = Release|Any CPU
		{3B2B393E-5672-4CDA-A863-A0F831323F10}.Ad-Hoc|iPhoneSimulator.ActiveCfg = Release|Any CPU
		{3B2B393E-5672-4CDA-A863-A0F831323F10}.Ad-Hoc|iPhoneSimulator.Build.0 = Release|Any CPU
		{3B2B393E-5672-4CDA-A863-A0F831323F10}.Ad-Hoc|iPhoneSimulator.Deploy.0 = Release|Any CPU
		{3B2B393E-5672-4CDA-A863-A0F831323F10}.Ad-Hoc|x64.ActiveCfg = Release|Any CPU
		{3B2B393E-5672-4CDA-A863-A0F831323F10}.Ad-Hoc|x64.Build.0 = Release|Any CPU
		{3B2B393E-5672-4CDA-A863-A0F831323F10}.Ad-Hoc|x64.Deploy.0 = Release|Any CPU
		{3B2B393E-5672-4CDA-A863-A0F831323F10}.Ad-Hoc|x86.ActiveCfg = Release|Any CPU
		{3B2B393E-5672-4CDA-A863-A0F831323F10}.Ad-Hoc|x86.Build.0 = Release|Any CPU
		{3B2B393E-5672-4CDA-A863-A0F831323F10}.Ad-Hoc|x86.Deploy.0 = Release|Any CPU
		{3B2B393E-5672-4CDA-A863-A0F831323F10}.AppStore|Any CPU.ActiveCfg = Release|Any CPU
		{3B2B393E-5672-4CDA-A863-A0F831323F10}.AppStore|Any CPU.Build.0 = Release|Any CPU
		{3B2B393E-5672-4CDA-A863-A0F831323F10}.AppStore|Any CPU.Deploy.0 = Release|Any CPU
		{3B2B393E-5672-4CDA-A863-A0F831323F10}.AppStore|ARM.ActiveCfg = Release|Any CPU
		{3B2B393E-5672-4CDA-A863-A0F831323F10}.AppStore|ARM.Build.0 = Release|Any CPU
		{3B2B393E-5672-4CDA-A863-A0F831323F10}.AppStore|ARM.Deploy.0 = Release|Any CPU
		{3B2B393E-5672-4CDA-A863-A0F831323F10}.AppStore|iPhone.ActiveCfg = Release|Any CPU
		{3B2B393E-5672-4CDA-A863-A0F831323F10}.AppStore|iPhone.Build.0 = Release|Any CPU
		{3B2B393E-5672-4CDA-A863-A0F831323F10}.AppStore|iPhone.Deploy.0 = Release|Any CPU
		{3B2B393E-5672-4CDA-A863-A0F831323F10}.AppStore|iPhoneSimulator.ActiveCfg = Release|Any CPU
		{3B2B393E-5672-4CDA-A863-A0F831323F10}.AppStore|iPhoneSimulator.Build.0 = Release|Any CPU
		{3B2B393E-5672-4CDA-A863-A0F831323F10}.AppStore|iPhoneSimulator.Deploy.0 = Release|Any CPU
		{3B2B393E-5672-4CDA-A863-A0F831323F10}.AppStore|x64.ActiveCfg = Release|Any CPU
		{3B2B393E-5672-4CDA-A863-A0F831323F10}.AppStore|x64.Build.0 = Release|Any CPU
		{3B2B393E-5672-4CDA-A863-A0F831323F10}.AppStore|x64.Deploy.0 = Release|Any CPU
		{3B2B393E-5672-4CDA-A863-A0F831323F10}.AppStore|x86.ActiveCfg = Release|Any CPU
		{3B2B393E-5672-4CDA-A863-A0F831323F10}.AppStore|x86.Build.0 = Release|Any CPU
		{3B2B393E-5672-4CDA-A863-A0F831323F10}.AppStore|x86.Deploy.0 = Release|Any CPU
		{3B2B393E-5672-4CDA-A863-A0F831323F10}.Debug|Any CPU.ActiveCfg = Debug|Any CPU
		{3B2B393E-5672-4CDA-A863-A0F831323F10}.Debug|Any CPU.Build.0 = Debug|Any CPU
		{3B2B393E-5672-4CDA-A863-A0F831323F10}.Debug|Any CPU.Deploy.0 = Debug|Any CPU
		{3B2B393E-5672-4CDA-A863-A0F831323F10}.Debug|ARM.ActiveCfg = Debug|Any CPU
		{3B2B393E-5672-4CDA-A863-A0F831323F10}.Debug|ARM.Build.0 = Debug|Any CPU
		{3B2B393E-5672-4CDA-A863-A0F831323F10}.Debug|ARM.Deploy.0 = Debug|Any CPU
		{3B2B393E-5672-4CDA-A863-A0F831323F10}.Debug|iPhone.ActiveCfg = Debug|Any CPU
		{3B2B393E-5672-4CDA-A863-A0F831323F10}.Debug|iPhone.Build.0 = Debug|Any CPU
		{3B2B393E-5672-4CDA-A863-A0F831323F10}.Debug|iPhone.Deploy.0 = Debug|Any CPU
		{3B2B393E-5672-4CDA-A863-A0F831323F10}.Debug|iPhoneSimulator.ActiveCfg = Debug|Any CPU
		{3B2B393E-5672-4CDA-A863-A0F831323F10}.Debug|iPhoneSimulator.Build.0 = Debug|Any CPU
		{3B2B393E-5672-4CDA-A863-A0F831323F10}.Debug|iPhoneSimulator.Deploy.0 = Debug|Any CPU
		{3B2B393E-5672-4CDA-A863-A0F831323F10}.Debug|x64.ActiveCfg = Debug|Any CPU
		{3B2B393E-5672-4CDA-A863-A0F831323F10}.Debug|x64.Build.0 = Debug|Any CPU
		{3B2B393E-5672-4CDA-A863-A0F831323F10}.Debug|x64.Deploy.0 = Debug|Any CPU
		{3B2B393E-5672-4CDA-A863-A0F831323F10}.Debug|x86.ActiveCfg = Debug|Any CPU
		{3B2B393E-5672-4CDA-A863-A0F831323F10}.Debug|x86.Build.0 = Debug|Any CPU
		{3B2B393E-5672-4CDA-A863-A0F831323F10}.Debug|x86.Deploy.0 = Debug|Any CPU
		{3B2B393E-5672-4CDA-A863-A0F831323F10}.Release|Any CPU.ActiveCfg = Release|Any CPU
		{3B2B393E-5672-4CDA-A863-A0F831323F10}.Release|Any CPU.Build.0 = Release|Any CPU
		{3B2B393E-5672-4CDA-A863-A0F831323F10}.Release|Any CPU.Deploy.0 = Release|Any CPU
		{3B2B393E-5672-4CDA-A863-A0F831323F10}.Release|ARM.ActiveCfg = Release|Any CPU
		{3B2B393E-5672-4CDA-A863-A0F831323F10}.Release|ARM.Build.0 = Release|Any CPU
		{3B2B393E-5672-4CDA-A863-A0F831323F10}.Release|ARM.Deploy.0 = Release|Any CPU
		{3B2B393E-5672-4CDA-A863-A0F831323F10}.Release|iPhone.ActiveCfg = Release|Any CPU
		{3B2B393E-5672-4CDA-A863-A0F831323F10}.Release|iPhone.Build.0 = Release|Any CPU
		{3B2B393E-5672-4CDA-A863-A0F831323F10}.Release|iPhone.Deploy.0 = Release|Any CPU
		{3B2B393E-5672-4CDA-A863-A0F831323F10}.Release|iPhoneSimulator.ActiveCfg = Release|Any CPU
		{3B2B393E-5672-4CDA-A863-A0F831323F10}.Release|iPhoneSimulator.Build.0 = Release|Any CPU
		{3B2B393E-5672-4CDA-A863-A0F831323F10}.Release|iPhoneSimulator.Deploy.0 = Release|Any CPU
		{3B2B393E-5672-4CDA-A863-A0F831323F10}.Release|x64.ActiveCfg = Release|Any CPU
		{3B2B393E-5672-4CDA-A863-A0F831323F10}.Release|x64.Build.0 = Release|Any CPU
		{3B2B393E-5672-4CDA-A863-A0F831323F10}.Release|x64.Deploy.0 = Release|Any CPU
		{3B2B393E-5672-4CDA-A863-A0F831323F10}.Release|x86.ActiveCfg = Release|Any CPU
		{3B2B393E-5672-4CDA-A863-A0F831323F10}.Release|x86.Build.0 = Release|Any CPU
		{3B2B393E-5672-4CDA-A863-A0F831323F10}.Release|x86.Deploy.0 = Release|Any CPU
		{7B8F469A-0F33-4A5A-BDD1-2258C2056161}.Ad-Hoc|Any CPU.ActiveCfg = Ad-Hoc|iPhone
		{7B8F469A-0F33-4A5A-BDD1-2258C2056161}.Ad-Hoc|ARM.ActiveCfg = Ad-Hoc|iPhone
		{7B8F469A-0F33-4A5A-BDD1-2258C2056161}.Ad-Hoc|iPhone.ActiveCfg = Ad-Hoc|iPhone
		{7B8F469A-0F33-4A5A-BDD1-2258C2056161}.Ad-Hoc|iPhone.Build.0 = Ad-Hoc|iPhone
		{7B8F469A-0F33-4A5A-BDD1-2258C2056161}.Ad-Hoc|iPhoneSimulator.ActiveCfg = Ad-Hoc|iPhoneSimulator
		{7B8F469A-0F33-4A5A-BDD1-2258C2056161}.Ad-Hoc|iPhoneSimulator.Build.0 = Ad-Hoc|iPhoneSimulator
		{7B8F469A-0F33-4A5A-BDD1-2258C2056161}.Ad-Hoc|x64.ActiveCfg = Ad-Hoc|iPhone
		{7B8F469A-0F33-4A5A-BDD1-2258C2056161}.Ad-Hoc|x86.ActiveCfg = Ad-Hoc|iPhone
		{7B8F469A-0F33-4A5A-BDD1-2258C2056161}.AppStore|Any CPU.ActiveCfg = AppStore|iPhone
		{7B8F469A-0F33-4A5A-BDD1-2258C2056161}.AppStore|ARM.ActiveCfg = AppStore|iPhone
		{7B8F469A-0F33-4A5A-BDD1-2258C2056161}.AppStore|iPhone.ActiveCfg = AppStore|iPhone
		{7B8F469A-0F33-4A5A-BDD1-2258C2056161}.AppStore|iPhone.Build.0 = AppStore|iPhone
		{7B8F469A-0F33-4A5A-BDD1-2258C2056161}.AppStore|iPhoneSimulator.ActiveCfg = AppStore|iPhoneSimulator
		{7B8F469A-0F33-4A5A-BDD1-2258C2056161}.AppStore|iPhoneSimulator.Build.0 = AppStore|iPhoneSimulator
		{7B8F469A-0F33-4A5A-BDD1-2258C2056161}.AppStore|x64.ActiveCfg = AppStore|iPhone
		{7B8F469A-0F33-4A5A-BDD1-2258C2056161}.AppStore|x86.ActiveCfg = AppStore|iPhone
		{7B8F469A-0F33-4A5A-BDD1-2258C2056161}.Debug|Any CPU.ActiveCfg = Debug|iPhone
		{7B8F469A-0F33-4A5A-BDD1-2258C2056161}.Debug|Any CPU.Build.0 = Debug|iPhone
		{7B8F469A-0F33-4A5A-BDD1-2258C2056161}.Debug|ARM.ActiveCfg = Debug|iPhone
		{7B8F469A-0F33-4A5A-BDD1-2258C2056161}.Debug|iPhone.ActiveCfg = Debug|iPhone
		{7B8F469A-0F33-4A5A-BDD1-2258C2056161}.Debug|iPhone.Build.0 = Debug|iPhone
		{7B8F469A-0F33-4A5A-BDD1-2258C2056161}.Debug|iPhoneSimulator.ActiveCfg = Debug|iPhoneSimulator
		{7B8F469A-0F33-4A5A-BDD1-2258C2056161}.Debug|iPhoneSimulator.Build.0 = Debug|iPhoneSimulator
		{7B8F469A-0F33-4A5A-BDD1-2258C2056161}.Debug|x64.ActiveCfg = Debug|iPhone
		{7B8F469A-0F33-4A5A-BDD1-2258C2056161}.Debug|x86.ActiveCfg = Debug|iPhone
		{7B8F469A-0F33-4A5A-BDD1-2258C2056161}.Release|Any CPU.ActiveCfg = Release|iPhone
		{7B8F469A-0F33-4A5A-BDD1-2258C2056161}.Release|ARM.ActiveCfg = Release|iPhone
		{7B8F469A-0F33-4A5A-BDD1-2258C2056161}.Release|iPhone.ActiveCfg = Release|iPhone
		{7B8F469A-0F33-4A5A-BDD1-2258C2056161}.Release|iPhone.Build.0 = Release|iPhone
		{7B8F469A-0F33-4A5A-BDD1-2258C2056161}.Release|iPhoneSimulator.ActiveCfg = Release|iPhoneSimulator
		{7B8F469A-0F33-4A5A-BDD1-2258C2056161}.Release|iPhoneSimulator.Build.0 = Release|iPhoneSimulator
		{7B8F469A-0F33-4A5A-BDD1-2258C2056161}.Release|x64.ActiveCfg = Release|iPhone
		{7B8F469A-0F33-4A5A-BDD1-2258C2056161}.Release|x86.ActiveCfg = Release|iPhone
		{6DD6336A-DDEA-42D9-B27E-B3C4CB953214}.Ad-Hoc|Any CPU.ActiveCfg = Release|x86
		{6DD6336A-DDEA-42D9-B27E-B3C4CB953214}.Ad-Hoc|Any CPU.Build.0 = Release|x86
		{6DD6336A-DDEA-42D9-B27E-B3C4CB953214}.Ad-Hoc|Any CPU.Deploy.0 = Release|x86
		{6DD6336A-DDEA-42D9-B27E-B3C4CB953214}.Ad-Hoc|ARM.ActiveCfg = Release|ARM
		{6DD6336A-DDEA-42D9-B27E-B3C4CB953214}.Ad-Hoc|ARM.Build.0 = Release|ARM
		{6DD6336A-DDEA-42D9-B27E-B3C4CB953214}.Ad-Hoc|ARM.Deploy.0 = Release|ARM
		{6DD6336A-DDEA-42D9-B27E-B3C4CB953214}.Ad-Hoc|iPhone.ActiveCfg = Release|x86
		{6DD6336A-DDEA-42D9-B27E-B3C4CB953214}.Ad-Hoc|iPhone.Build.0 = Release|x86
		{6DD6336A-DDEA-42D9-B27E-B3C4CB953214}.Ad-Hoc|iPhone.Deploy.0 = Release|x86
		{6DD6336A-DDEA-42D9-B27E-B3C4CB953214}.Ad-Hoc|iPhoneSimulator.ActiveCfg = Release|x86
		{6DD6336A-DDEA-42D9-B27E-B3C4CB953214}.Ad-Hoc|iPhoneSimulator.Build.0 = Release|x86
		{6DD6336A-DDEA-42D9-B27E-B3C4CB953214}.Ad-Hoc|iPhoneSimulator.Deploy.0 = Release|x86
		{6DD6336A-DDEA-42D9-B27E-B3C4CB953214}.Ad-Hoc|x64.ActiveCfg = Release|x64
		{6DD6336A-DDEA-42D9-B27E-B3C4CB953214}.Ad-Hoc|x64.Build.0 = Release|x64
		{6DD6336A-DDEA-42D9-B27E-B3C4CB953214}.Ad-Hoc|x64.Deploy.0 = Release|x64
		{6DD6336A-DDEA-42D9-B27E-B3C4CB953214}.Ad-Hoc|x86.ActiveCfg = Release|x86
		{6DD6336A-DDEA-42D9-B27E-B3C4CB953214}.Ad-Hoc|x86.Build.0 = Release|x86
		{6DD6336A-DDEA-42D9-B27E-B3C4CB953214}.Ad-Hoc|x86.Deploy.0 = Release|x86
		{6DD6336A-DDEA-42D9-B27E-B3C4CB953214}.AppStore|Any CPU.ActiveCfg = Release|x86
		{6DD6336A-DDEA-42D9-B27E-B3C4CB953214}.AppStore|Any CPU.Build.0 = Release|x86
		{6DD6336A-DDEA-42D9-B27E-B3C4CB953214}.AppStore|Any CPU.Deploy.0 = Release|x86
		{6DD6336A-DDEA-42D9-B27E-B3C4CB953214}.AppStore|ARM.ActiveCfg = Release|ARM
		{6DD6336A-DDEA-42D9-B27E-B3C4CB953214}.AppStore|ARM.Build.0 = Release|ARM
		{6DD6336A-DDEA-42D9-B27E-B3C4CB953214}.AppStore|ARM.Deploy.0 = Release|ARM
		{6DD6336A-DDEA-42D9-B27E-B3C4CB953214}.AppStore|iPhone.ActiveCfg = Release|x86
		{6DD6336A-DDEA-42D9-B27E-B3C4CB953214}.AppStore|iPhone.Build.0 = Release|x86
		{6DD6336A-DDEA-42D9-B27E-B3C4CB953214}.AppStore|iPhone.Deploy.0 = Release|x86
		{6DD6336A-DDEA-42D9-B27E-B3C4CB953214}.AppStore|iPhoneSimulator.ActiveCfg = Release|x86
		{6DD6336A-DDEA-42D9-B27E-B3C4CB953214}.AppStore|iPhoneSimulator.Build.0 = Release|x86
		{6DD6336A-DDEA-42D9-B27E-B3C4CB953214}.AppStore|iPhoneSimulator.Deploy.0 = Release|x86
		{6DD6336A-DDEA-42D9-B27E-B3C4CB953214}.AppStore|x64.ActiveCfg = Release|x64
		{6DD6336A-DDEA-42D9-B27E-B3C4CB953214}.AppStore|x64.Build.0 = Release|x64
		{6DD6336A-DDEA-42D9-B27E-B3C4CB953214}.AppStore|x64.Deploy.0 = Release|x64
		{6DD6336A-DDEA-42D9-B27E-B3C4CB953214}.AppStore|x86.ActiveCfg = Release|x86
		{6DD6336A-DDEA-42D9-B27E-B3C4CB953214}.AppStore|x86.Build.0 = Release|x86
		{6DD6336A-DDEA-42D9-B27E-B3C4CB953214}.AppStore|x86.Deploy.0 = Release|x86
		{6DD6336A-DDEA-42D9-B27E-B3C4CB953214}.Debug|Any CPU.ActiveCfg = Debug|x86
		{6DD6336A-DDEA-42D9-B27E-B3C4CB953214}.Debug|Any CPU.Build.0 = Debug|x86
		{6DD6336A-DDEA-42D9-B27E-B3C4CB953214}.Debug|Any CPU.Deploy.0 = Debug|x86
		{6DD6336A-DDEA-42D9-B27E-B3C4CB953214}.Debug|ARM.ActiveCfg = Debug|ARM
		{6DD6336A-DDEA-42D9-B27E-B3C4CB953214}.Debug|ARM.Build.0 = Debug|ARM
		{6DD6336A-DDEA-42D9-B27E-B3C4CB953214}.Debug|ARM.Deploy.0 = Debug|ARM
		{6DD6336A-DDEA-42D9-B27E-B3C4CB953214}.Debug|iPhone.ActiveCfg = Debug|x86
		{6DD6336A-DDEA-42D9-B27E-B3C4CB953214}.Debug|iPhoneSimulator.ActiveCfg = Debug|x86
		{6DD6336A-DDEA-42D9-B27E-B3C4CB953214}.Debug|x64.ActiveCfg = Debug|x64
		{6DD6336A-DDEA-42D9-B27E-B3C4CB953214}.Debug|x64.Build.0 = Debug|x64
		{6DD6336A-DDEA-42D9-B27E-B3C4CB953214}.Debug|x64.Deploy.0 = Debug|x64
		{6DD6336A-DDEA-42D9-B27E-B3C4CB953214}.Debug|x86.ActiveCfg = Debug|x86
		{6DD6336A-DDEA-42D9-B27E-B3C4CB953214}.Debug|x86.Build.0 = Debug|x86
		{6DD6336A-DDEA-42D9-B27E-B3C4CB953214}.Debug|x86.Deploy.0 = Debug|x86
		{6DD6336A-DDEA-42D9-B27E-B3C4CB953214}.Release|Any CPU.ActiveCfg = Release|x86
		{6DD6336A-DDEA-42D9-B27E-B3C4CB953214}.Release|Any CPU.Build.0 = Release|x86
		{6DD6336A-DDEA-42D9-B27E-B3C4CB953214}.Release|Any CPU.Deploy.0 = Release|x86
		{6DD6336A-DDEA-42D9-B27E-B3C4CB953214}.Release|ARM.ActiveCfg = Release|ARM
		{6DD6336A-DDEA-42D9-B27E-B3C4CB953214}.Release|ARM.Build.0 = Release|ARM
		{6DD6336A-DDEA-42D9-B27E-B3C4CB953214}.Release|ARM.Deploy.0 = Release|ARM
		{6DD6336A-DDEA-42D9-B27E-B3C4CB953214}.Release|iPhone.ActiveCfg = Release|x86
		{6DD6336A-DDEA-42D9-B27E-B3C4CB953214}.Release|iPhoneSimulator.ActiveCfg = Release|x86
		{6DD6336A-DDEA-42D9-B27E-B3C4CB953214}.Release|x64.ActiveCfg = Release|x64
		{6DD6336A-DDEA-42D9-B27E-B3C4CB953214}.Release|x64.Build.0 = Release|x64
		{6DD6336A-DDEA-42D9-B27E-B3C4CB953214}.Release|x64.Deploy.0 = Release|x64
		{6DD6336A-DDEA-42D9-B27E-B3C4CB953214}.Release|x86.ActiveCfg = Release|x86
		{6DD6336A-DDEA-42D9-B27E-B3C4CB953214}.Release|x86.Build.0 = Release|x86
		{6DD6336A-DDEA-42D9-B27E-B3C4CB953214}.Release|x86.Deploy.0 = Release|x86
		{093FC924-E56F-41BB-95C3-5C4779A57FE6}.Ad-Hoc|Any CPU.ActiveCfg = Release|Any CPU
		{093FC924-E56F-41BB-95C3-5C4779A57FE6}.Ad-Hoc|Any CPU.Build.0 = Release|Any CPU
		{093FC924-E56F-41BB-95C3-5C4779A57FE6}.Ad-Hoc|ARM.ActiveCfg = Release|Any CPU
		{093FC924-E56F-41BB-95C3-5C4779A57FE6}.Ad-Hoc|ARM.Build.0 = Release|Any CPU
		{093FC924-E56F-41BB-95C3-5C4779A57FE6}.Ad-Hoc|iPhone.ActiveCfg = Release|Any CPU
		{093FC924-E56F-41BB-95C3-5C4779A57FE6}.Ad-Hoc|iPhone.Build.0 = Release|Any CPU
		{093FC924-E56F-41BB-95C3-5C4779A57FE6}.Ad-Hoc|iPhoneSimulator.ActiveCfg = Release|Any CPU
		{093FC924-E56F-41BB-95C3-5C4779A57FE6}.Ad-Hoc|iPhoneSimulator.Build.0 = Release|Any CPU
		{093FC924-E56F-41BB-95C3-5C4779A57FE6}.Ad-Hoc|x64.ActiveCfg = Release|Any CPU
		{093FC924-E56F-41BB-95C3-5C4779A57FE6}.Ad-Hoc|x64.Build.0 = Release|Any CPU
		{093FC924-E56F-41BB-95C3-5C4779A57FE6}.Ad-Hoc|x86.ActiveCfg = Release|Any CPU
		{093FC924-E56F-41BB-95C3-5C4779A57FE6}.Ad-Hoc|x86.Build.0 = Release|Any CPU
		{093FC924-E56F-41BB-95C3-5C4779A57FE6}.AppStore|Any CPU.ActiveCfg = Release|Any CPU
		{093FC924-E56F-41BB-95C3-5C4779A57FE6}.AppStore|Any CPU.Build.0 = Release|Any CPU
		{093FC924-E56F-41BB-95C3-5C4779A57FE6}.AppStore|ARM.ActiveCfg = Release|Any CPU
		{093FC924-E56F-41BB-95C3-5C4779A57FE6}.AppStore|ARM.Build.0 = Release|Any CPU
		{093FC924-E56F-41BB-95C3-5C4779A57FE6}.AppStore|iPhone.ActiveCfg = Release|Any CPU
		{093FC924-E56F-41BB-95C3-5C4779A57FE6}.AppStore|iPhone.Build.0 = Release|Any CPU
		{093FC924-E56F-41BB-95C3-5C4779A57FE6}.AppStore|iPhoneSimulator.ActiveCfg = Release|Any CPU
		{093FC924-E56F-41BB-95C3-5C4779A57FE6}.AppStore|iPhoneSimulator.Build.0 = Release|Any CPU
		{093FC924-E56F-41BB-95C3-5C4779A57FE6}.AppStore|x64.ActiveCfg = Release|Any CPU
		{093FC924-E56F-41BB-95C3-5C4779A57FE6}.AppStore|x64.Build.0 = Release|Any CPU
		{093FC924-E56F-41BB-95C3-5C4779A57FE6}.AppStore|x86.ActiveCfg = Release|Any CPU
		{093FC924-E56F-41BB-95C3-5C4779A57FE6}.AppStore|x86.Build.0 = Release|Any CPU
		{093FC924-E56F-41BB-95C3-5C4779A57FE6}.Debug|Any CPU.ActiveCfg = Debug|Any CPU
		{093FC924-E56F-41BB-95C3-5C4779A57FE6}.Debug|Any CPU.Build.0 = Debug|Any CPU
		{093FC924-E56F-41BB-95C3-5C4779A57FE6}.Debug|ARM.ActiveCfg = Debug|Any CPU
		{093FC924-E56F-41BB-95C3-5C4779A57FE6}.Debug|ARM.Build.0 = Debug|Any CPU
		{093FC924-E56F-41BB-95C3-5C4779A57FE6}.Debug|iPhone.ActiveCfg = Debug|Any CPU
		{093FC924-E56F-41BB-95C3-5C4779A57FE6}.Debug|iPhone.Build.0 = Debug|Any CPU
		{093FC924-E56F-41BB-95C3-5C4779A57FE6}.Debug|iPhoneSimulator.ActiveCfg = Debug|Any CPU
		{093FC924-E56F-41BB-95C3-5C4779A57FE6}.Debug|iPhoneSimulator.Build.0 = Debug|Any CPU
		{093FC924-E56F-41BB-95C3-5C4779A57FE6}.Debug|x64.ActiveCfg = Debug|Any CPU
		{093FC924-E56F-41BB-95C3-5C4779A57FE6}.Debug|x64.Build.0 = Debug|Any CPU
		{093FC924-E56F-41BB-95C3-5C4779A57FE6}.Debug|x86.ActiveCfg = Debug|Any CPU
		{093FC924-E56F-41BB-95C3-5C4779A57FE6}.Debug|x86.Build.0 = Debug|Any CPU
		{093FC924-E56F-41BB-95C3-5C4779A57FE6}.Release|Any CPU.ActiveCfg = Release|Any CPU
		{093FC924-E56F-41BB-95C3-5C4779A57FE6}.Release|Any CPU.Build.0 = Release|Any CPU
		{093FC924-E56F-41BB-95C3-5C4779A57FE6}.Release|ARM.ActiveCfg = Release|Any CPU
		{093FC924-E56F-41BB-95C3-5C4779A57FE6}.Release|ARM.Build.0 = Release|Any CPU
		{093FC924-E56F-41BB-95C3-5C4779A57FE6}.Release|iPhone.ActiveCfg = Release|Any CPU
		{093FC924-E56F-41BB-95C3-5C4779A57FE6}.Release|iPhone.Build.0 = Release|Any CPU
		{093FC924-E56F-41BB-95C3-5C4779A57FE6}.Release|iPhoneSimulator.ActiveCfg = Release|Any CPU
		{093FC924-E56F-41BB-95C3-5C4779A57FE6}.Release|iPhoneSimulator.Build.0 = Release|Any CPU
		{093FC924-E56F-41BB-95C3-5C4779A57FE6}.Release|x64.ActiveCfg = Release|Any CPU
		{093FC924-E56F-41BB-95C3-5C4779A57FE6}.Release|x64.Build.0 = Release|Any CPU
		{093FC924-E56F-41BB-95C3-5C4779A57FE6}.Release|x86.ActiveCfg = Release|Any CPU
		{093FC924-E56F-41BB-95C3-5C4779A57FE6}.Release|x86.Build.0 = Release|Any CPU
	EndGlobalSection
	GlobalSection(SolutionProperties) = preSolution
		HideSolutionNode = FALSE
	EndGlobalSection
	GlobalSection(ExtensibilityGlobals) = postSolution
		SolutionGuid = {5171B4CB-1221-49BF-9C14-F2B8F60910D6}
	EndGlobalSection
EndGlobal
