
Microsoft Visual Studio Solution File, Format Version 12.00
# Visual Studio 15
VisualStudioVersion = 15.0.28307.168
MinimumVisualStudioVersion = 10.0.40219.1
Project("{FAE04EC0-301F-11D3-BF4B-00C04F79EFBC}") = "SAPlayerSample.Android", "SAPlayerSample\SAPlayerSample.Android\SAPlayerSample.Android.csproj", "{7C33A1C3-6780-4B77-8001-DCC0D113E5EF}"
EndProject
Project("{FAE04EC0-301F-11D3-BF4B-00C04F79EFBC}") = "SAPlayerSample.iOS", "SAPlayerSample\SAPlayerSample.iOS\SAPlayerSample.iOS.csproj", "{5640CA48-D977-4F68-8422-A5F47216C919}"
EndProject
Project("{FAE04EC0-301F-11D3-BF4B-00C04F79EFBC}") = "SAPlayerSample.UWP", "SAPlayerSample\SAPlayerSample.UWP\SAPlayerSample.UWP.csproj", "{9144E29D-3BFB-43FC-8930-AD7679012355}"
EndProject
Project("{9A19103F-16F7-4668-BE54-9A1E7A4F7556}") = "SAPlayerSample", "SAPlayerSample\SAPlayerSample\SAPlayerSample.csproj", "{1CB0EB31-4428-495B-A2BB-78C7A3730D50}"
EndProject
Project("{FAE04EC0-301F-11D3-BF4B-00C04F79EFBC}") = "SAPlayerSample.macOS", "SAPlayerSample\SAPlayerSample.macOS\SAPlayerSample.macOS.csproj", "{093FC924-E56F-41BB-95C3-5C4779A57FE6}"
EndProject
Project("{FAE04EC0-301F-11D3-BF4B-00C04F79EFBC}") = "SAPlayerSample.tvOS", "SAPlayerSample\SAPlayerSample.tvOS\SAPlayerSample.tvOS.csproj", "{19876C69-AE11-4460-A3E6-2567F98F1C76}"
EndProject
Global
	GlobalSection(SolutionConfigurationPlatforms) = preSolution
		Ad-Hoc|Any CPU = Ad-Hoc|Any CPU
		Ad-Hoc|ARM = Ad-Hoc|ARM
		Ad-Hoc|iPhone = Ad-Hoc|iPhone
		Ad-Hoc|iPhoneSimulator = Ad-Hoc|iPhoneSimulator
		Ad-Hoc|x64 = Ad-Hoc|x64
		Ad-Hoc|x86 = Ad-Hoc|x86
		AppStore|Any CPU = AppStore|Any CPU
		AppStore|ARM = AppStore|ARM
		AppStore|iPhone = AppStore|iPhone
		AppStore|iPhoneSimulator = AppStore|iPhoneSimulator
		AppStore|x64 = AppStore|x64
		AppStore|x86 = AppStore|x86
		Debug|Any CPU = Debug|Any CPU
		Debug|ARM = Debug|ARM
		Debug|iPhone = Debug|iPhone
		Debug|iPhoneSimulator = Debug|iPhoneSimulator
		Debug|x64 = Debug|x64
		Debug|x86 = Debug|x86
		Release|Any CPU = Release|Any CPU
		Release|ARM = Release|ARM
		Release|iPhone = Release|iPhone
		Release|iPhoneSimulator = Release|iPhoneSimulator
		Release|x64 = Release|x64
		Release|x86 = Release|x86
	EndGlobalSection
	GlobalSection(ProjectConfigurationPlatforms) = postSolution
		{7C33A1C3-6780-4B77-8001-DCC0D113E5EF}.Ad-Hoc|Any CPU.ActiveCfg = Release|Any CPU
		{7C33A1C3-6780-4B77-8001-DCC0D113E5EF}.Ad-Hoc|Any CPU.Build.0 = Release|Any CPU
		{7C33A1C3-6780-4B77-8001-DCC0D113E5EF}.Ad-Hoc|Any CPU.Deploy.0 = Release|Any CPU
		{7C33A1C3-6780-4B77-8001-DCC0D113E5EF}.Ad-Hoc|ARM.ActiveCfg = Release|Any CPU
		{7C33A1C3-6780-4B77-8001-DCC0D113E5EF}.Ad-Hoc|ARM.Build.0 = Release|Any CPU
		{7C33A1C3-6780-4B77-8001-DCC0D113E5EF}.Ad-Hoc|ARM.Deploy.0 = Release|Any CPU
		{7C33A1C3-6780-4B77-8001-DCC0D113E5EF}.Ad-Hoc|iPhone.ActiveCfg = Release|Any CPU
		{7C33A1C3-6780-4B77-8001-DCC0D113E5EF}.Ad-Hoc|iPhone.Build.0 = Release|Any CPU
		{7C33A1C3-6780-4B77-8001-DCC0D113E5EF}.Ad-Hoc|iPhone.Deploy.0 = Release|Any CPU
		{7C33A1C3-6780-4B77-8001-DCC0D113E5EF}.Ad-Hoc|iPhoneSimulator.ActiveCfg = Release|Any CPU
		{7C33A1C3-6780-4B77-8001-DCC0D113E5EF}.Ad-Hoc|iPhoneSimulator.Build.0 = Release|Any CPU
		{7C33A1C3-6780-4B77-8001-DCC0D113E5EF}.Ad-Hoc|iPhoneSimulator.Deploy.0 = Release|Any CPU
		{7C33A1C3-6780-4B77-8001-DCC0D113E5EF}.Ad-Hoc|x64.ActiveCfg = Release|Any CPU
		{7C33A1C3-6780-4B77-8001-DCC0D113E5EF}.Ad-Hoc|x64.Build.0 = Release|Any CPU
		{7C33A1C3-6780-4B77-8001-DCC0D113E5EF}.Ad-Hoc|x64.Deploy.0 = Release|Any CPU
		{7C33A1C3-6780-4B77-8001-DCC0D113E5EF}.Ad-Hoc|x86.ActiveCfg = Release|Any CPU
		{7C33A1C3-6780-4B77-8001-DCC0D113E5EF}.Ad-Hoc|x86.Build.0 = Release|Any CPU
		{7C33A1C3-6780-4B77-8001-DCC0D113E5EF}.Ad-Hoc|x86.Deploy.0 = Release|Any CPU
		{7C33A1C3-6780-4B77-8001-DCC0D113E5EF}.AppStore|Any CPU.ActiveCfg = Release|Any CPU
		{7C33A1C3-6780-4B77-8001-DCC0D113E5EF}.AppStore|Any CPU.Build.0 = Release|Any CPU
		{7C33A1C3-6780-4B77-8001-DCC0D113E5EF}.AppStore|Any CPU.Deploy.0 = Release|Any CPU
		{7C33A1C3-6780-4B77-8001-DCC0D113E5EF}.AppStore|ARM.ActiveCfg = Release|Any CPU
		{7C33A1C3-6780-4B77-8001-DCC0D113E5EF}.AppStore|ARM.Build.0 = Release|Any CPU
		{7C33A1C3-6780-4B77-8001-DCC0D113E5EF}.AppStore|ARM.Deploy.0 = Release|Any CPU
		{7C33A1C3-6780-4B77-8001-DCC0D113E5EF}.AppStore|iPhone.ActiveCfg = Release|Any CPU
		{7C33A1C3-6780-4B77-8001-DCC0D113E5EF}.AppStore|iPhone.Build.0 = Release|Any CPU
		{7C33A1C3-6780-4B77-8001-DCC0D113E5EF}.AppStore|iPhone.Deploy.0 = Release|Any CPU
		{7C33A1C3-6780-4B77-8001-DCC0D113E5EF}.AppStore|iPhoneSimulator.ActiveCfg = Release|Any CPU
		{7C33A1C3-6780-4B77-8001-DCC0D113E5EF}.AppStore|iPhoneSimulator.Build.0 = Release|Any CPU
		{7C33A1C3-6780-4B77-8001-DCC0D113E5EF}.AppStore|iPhoneSimulator.Deploy.0 = Release|Any CPU
		{7C33A1C3-6780-4B77-8001-DCC0D113E5EF}.AppStore|x64.ActiveCfg = Release|Any CPU
		{7C33A1C3-6780-4B77-8001-DCC0D113E5EF}.AppStore|x64.Build.0 = Release|Any CPU
		{7C33A1C3-6780-4B77-8001-DCC0D113E5EF}.AppStore|x64.Deploy.0 = Release|Any CPU
		{7C33A1C3-6780-4B77-8001-DCC0D113E5EF}.AppStore|x86.ActiveCfg = Release|Any CPU
		{7C33A1C3-6780-4B77-8001-DCC0D113E5EF}.AppStore|x86.Build.0 = Release|Any CPU
		{7C33A1C3-6780-4B77-8001-DCC0D113E5EF}.AppStore|x86.Deploy.0 = Release|Any CPU
		{7C33A1C3-6780-4B77-8001-DCC0D113E5EF}.Debug|Any CPU.ActiveCfg = Debug|Any CPU
		{7C33A1C3-6780-4B77-8001-DCC0D113E5EF}.Debug|Any CPU.Build.0 = Debug|Any CPU
		{7C33A1C3-6780-4B77-8001-DCC0D113E5EF}.Debug|Any CPU.Deploy.0 = Debug|Any CPU
		{7C33A1C3-6780-4B77-8001-DCC0D113E5EF}.Debug|ARM.ActiveCfg = Debug|Any CPU
		{7C33A1C3-6780-4B77-8001-DCC0D113E5EF}.Debug|ARM.Build.0 = Debug|Any CPU
		{7C33A1C3-6780-4B77-8001-DCC0D113E5EF}.Debug|ARM.Deploy.0 = Debug|Any CPU
		{7C33A1C3-6780-4B77-8001-DCC0D113E5EF}.Debug|iPhone.ActiveCfg = Debug|Any CPU
		{7C33A1C3-6780-4B77-8001-DCC0D113E5EF}.Debug|iPhone.Build.0 = Debug|Any CPU
		{7C33A1C3-6780-4B77-8001-DCC0D113E5EF}.Debug|iPhone.Deploy.0 = Debug|Any CPU
		{7C33A1C3-6780-4B77-8001-DCC0D113E5EF}.Debug|iPhoneSimulator.ActiveCfg = Debug|Any CPU
		{7C33A1C3-6780-4B77-8001-DCC0D113E5EF}.Debug|iPhoneSimulator.Build.0 = Debug|Any CPU
		{7C33A1C3-6780-4B77-8001-DCC0D113E5EF}.Debug|iPhoneSimulator.Deploy.0 = Debug|Any CPU
		{7C33A1C3-6780-4B77-8001-DCC0D113E5EF}.Debug|x64.ActiveCfg = Debug|Any CPU
		{7C33A1C3-6780-4B77-8001-DCC0D113E5EF}.Debug|x64.Build.0 = Debug|Any CPU
		{7C33A1C3-6780-4B77-8001-DCC0D113E5EF}.Debug|x64.Deploy.0 = Debug|Any CPU
		{7C33A1C3-6780-4B77-8001-DCC0D113E5EF}.Debug|x86.ActiveCfg = Debug|Any CPU
		{7C33A1C3-6780-4B77-8001-DCC0D113E5EF}.Debug|x86.Build.0 = Debug|Any CPU
		{7C33A1C3-6780-4B77-8001-DCC0D113E5EF}.Debug|x86.Deploy.0 = Debug|Any CPU
		{7C33A1C3-6780-4B77-8001-DCC0D113E5EF}.Release|Any CPU.ActiveCfg = Release|Any CPU
		{7C33A1C3-6780-4B77-8001-DCC0D113E5EF}.Release|Any CPU.Build.0 = Release|Any CPU
		{7C33A1C3-6780-4B77-8001-DCC0D113E5EF}.Release|Any CPU.Deploy.0 = Release|Any CPU
		{7C33A1C3-6780-4B77-8001-DCC0D113E5EF}.Release|ARM.ActiveCfg = Release|Any CPU
		{7C33A1C3-6780-4B77-8001-DCC0D113E5EF}.Release|ARM.Build.0 = Release|Any CPU
		{7C33A1C3-6780-4B77-8001-DCC0D113E5EF}.Release|ARM.Deploy.0 = Release|Any CPU
		{7C33A1C3-6780-4B77-8001-DCC0D113E5EF}.Release|iPhone.ActiveCfg = Release|Any CPU
		{7C33A1C3-6780-4B77-8001-DCC0D113E5EF}.Release|iPhone.Build.0 = Release|Any CPU
		{7C33A1C3-6780-4B77-8001-DCC0D113E5EF}.Release|iPhone.Deploy.0 = Release|Any CPU
		{7C33A1C3-6780-4B77-8001-DCC0D113E5EF}.Release|iPhoneSimulator.ActiveCfg = Release|Any CPU
		{7C33A1C3-6780-4B77-8001-DCC0D113E5EF}.Release|iPhoneSimulator.Build.0 = Release|Any CPU
		{7C33A1C3-6780-4B77-8001-DCC0D113E5EF}.Release|iPhoneSimulator.Deploy.0 = Release|Any CPU
		{7C33A1C3-6780-4B77-8001-DCC0D113E5EF}.Release|x64.ActiveCfg = Release|Any CPU
		{7C33A1C3-6780-4B77-8001-DCC0D113E5EF}.Release|x64.Build.0 = Release|Any CPU
		{7C33A1C3-6780-4B77-8001-DCC0D113E5EF}.Release|x64.Deploy.0 = Release|Any CPU
		{7C33A1C3-6780-4B77-8001-DCC0D113E5EF}.Release|x86.ActiveCfg = Release|Any CPU
		{7C33A1C3-6780-4B77-8001-DCC0D113E5EF}.Release|x86.Build.0 = Release|Any CPU
		{7C33A1C3-6780-4B77-8001-DCC0D113E5EF}.Release|x86.Deploy.0 = Release|Any CPU
		{5640CA48-D977-4F68-8422-A5F47216C919}.Ad-Hoc|Any CPU.ActiveCfg = Ad-Hoc|iPhone
		{5640CA48-D977-4F68-8422-A5F47216C919}.Ad-Hoc|Any CPU.Build.0 = Ad-Hoc|iPhone
		{5640CA48-D977-4F68-8422-A5F47216C919}.Ad-Hoc|Any CPU.Deploy.0 = Ad-Hoc|iPhone
		{5640CA48-D977-4F68-8422-A5F47216C919}.Ad-Hoc|ARM.ActiveCfg = Ad-Hoc|iPhone
		{5640CA48-D977-4F68-8422-A5F47216C919}.Ad-Hoc|ARM.Build.0 = Ad-Hoc|iPhone
		{5640CA48-D977-4F68-8422-A5F47216C919}.Ad-Hoc|ARM.Deploy.0 = Ad-Hoc|iPhone
		{5640CA48-D977-4F68-8422-A5F47216C919}.Ad-Hoc|iPhone.ActiveCfg = Ad-Hoc|iPhone
		{5640CA48-D977-4F68-8422-A5F47216C919}.Ad-Hoc|iPhone.Build.0 = Ad-Hoc|iPhone
		{5640CA48-D977-4F68-8422-A5F47216C919}.Ad-Hoc|iPhone.Deploy.0 = Ad-Hoc|iPhone
		{5640CA48-D977-4F68-8422-A5F47216C919}.Ad-Hoc|iPhoneSimulator.ActiveCfg = Ad-Hoc|iPhoneSimulator
		{5640CA48-D977-4F68-8422-A5F47216C919}.Ad-Hoc|iPhoneSimulator.Build.0 = Ad-Hoc|iPhoneSimulator
		{5640CA48-D977-4F68-8422-A5F47216C919}.Ad-Hoc|iPhoneSimulator.Deploy.0 = Ad-Hoc|iPhoneSimulator
		{5640CA48-D977-4F68-8422-A5F47216C919}.Ad-Hoc|x64.ActiveCfg = Ad-Hoc|iPhone
		{5640CA48-D977-4F68-8422-A5F47216C919}.Ad-Hoc|x64.Build.0 = Ad-Hoc|iPhone
		{5640CA48-D977-4F68-8422-A5F47216C919}.Ad-Hoc|x64.Deploy.0 = Ad-Hoc|iPhone
		{5640CA48-D977-4F68-8422-A5F47216C919}.Ad-Hoc|x86.ActiveCfg = Ad-Hoc|iPhone
		{5640CA48-D977-4F68-8422-A5F47216C919}.Ad-Hoc|x86.Build.0 = Ad-Hoc|iPhone
		{5640CA48-D977-4F68-8422-A5F47216C919}.Ad-Hoc|x86.Deploy.0 = Ad-Hoc|iPhone
		{5640CA48-D977-4F68-8422-A5F47216C919}.AppStore|Any CPU.ActiveCfg = AppStore|iPhone
		{5640CA48-D977-4F68-8422-A5F47216C919}.AppStore|Any CPU.Build.0 = AppStore|iPhone
		{5640CA48-D977-4F68-8422-A5F47216C919}.AppStore|Any CPU.Deploy.0 = AppStore|iPhone
		{5640CA48-D977-4F68-8422-A5F47216C919}.AppStore|ARM.ActiveCfg = AppStore|iPhone
		{5640CA48-D977-4F68-8422-A5F47216C919}.AppStore|ARM.Build.0 = AppStore|iPhone
		{5640CA48-D977-4F68-8422-A5F47216C919}.AppStore|ARM.Deploy.0 = AppStore|iPhone
		{5640CA48-D977-4F68-8422-A5F47216C919}.AppStore|iPhone.ActiveCfg = AppStore|iPhone
		{5640CA48-D977-4F68-8422-A5F47216C919}.AppStore|iPhone.Build.0 = AppStore|iPhone
		{5640CA48-D977-4F68-8422-A5F47216C919}.AppStore|iPhone.Deploy.0 = AppStore|iPhone
		{5640CA48-D977-4F68-8422-A5F47216C919}.AppStore|iPhoneSimulator.ActiveCfg = AppStore|iPhoneSimulator
		{5640CA48-D977-4F68-8422-A5F47216C919}.AppStore|iPhoneSimulator.Build.0 = AppStore|iPhoneSimulator
		{5640CA48-D977-4F68-8422-A5F47216C919}.AppStore|iPhoneSimulator.Deploy.0 = AppStore|iPhoneSimulator
		{5640CA48-D977-4F68-8422-A5F47216C919}.AppStore|x64.ActiveCfg = AppStore|iPhone
		{5640CA48-D977-4F68-8422-A5F47216C919}.AppStore|x64.Build.0 = AppStore|iPhone
		{5640CA48-D977-4F68-8422-A5F47216C919}.AppStore|x64.Deploy.0 = AppStore|iPhone
		{5640CA48-D977-4F68-8422-A5F47216C919}.AppStore|x86.ActiveCfg = AppStore|iPhone
		{5640CA48-D977-4F68-8422-A5F47216C919}.AppStore|x86.Build.0 = AppStore|iPhone
		{5640CA48-D977-4F68-8422-A5F47216C919}.AppStore|x86.Deploy.0 = AppStore|iPhone
		{5640CA48-D977-4F68-8422-A5F47216C919}.Debug|Any CPU.ActiveCfg = Debug|iPhoneSimulator
		{5640CA48-D977-4F68-8422-A5F47216C919}.Debug|Any CPU.Build.0 = Debug|iPhoneSimulator
		{5640CA48-D977-4F68-8422-A5F47216C919}.Debug|Any CPU.Deploy.0 = Debug|iPhoneSimulator
		{5640CA48-D977-4F68-8422-A5F47216C919}.Debug|ARM.ActiveCfg = Debug|iPhone
		{5640CA48-D977-4F68-8422-A5F47216C919}.Debug|ARM.Build.0 = Debug|iPhone
		{5640CA48-D977-4F68-8422-A5F47216C919}.Debug|ARM.Deploy.0 = Debug|iPhone
		{5640CA48-D977-4F68-8422-A5F47216C919}.Debug|iPhone.ActiveCfg = Debug|iPhone
		{5640CA48-D977-4F68-8422-A5F47216C919}.Debug|iPhone.Build.0 = Debug|iPhone
		{5640CA48-D977-4F68-8422-A5F47216C919}.Debug|iPhone.Deploy.0 = Debug|iPhone
		{5640CA48-D977-4F68-8422-A5F47216C919}.Debug|iPhoneSimulator.ActiveCfg = Debug|iPhoneSimulator
		{5640CA48-D977-4F68-8422-A5F47216C919}.Debug|iPhoneSimulator.Build.0 = Debug|iPhoneSimulator
		{5640CA48-D977-4F68-8422-A5F47216C919}.Debug|iPhoneSimulator.Deploy.0 = Debug|iPhoneSimulator
		{5640CA48-D977-4F68-8422-A5F47216C919}.Debug|x64.ActiveCfg = Debug|iPhone
		{5640CA48-D977-4F68-8422-A5F47216C919}.Debug|x64.Build.0 = Debug|iPhone
		{5640CA48-D977-4F68-8422-A5F47216C919}.Debug|x64.Deploy.0 = Debug|iPhone
		{5640CA48-D977-4F68-8422-A5F47216C919}.Debug|x86.ActiveCfg = Debug|iPhone
		{5640CA48-D977-4F68-8422-A5F47216C919}.Debug|x86.Build.0 = Debug|iPhone
		{5640CA48-D977-4F68-8422-A5F47216C919}.Debug|x86.Deploy.0 = Debug|iPhone
		{5640CA48-D977-4F68-8422-A5F47216C919}.Release|Any CPU.ActiveCfg = Release|iPhone
		{5640CA48-D977-4F68-8422-A5F47216C919}.Release|Any CPU.Build.0 = Release|iPhone
		{5640CA48-D977-4F68-8422-A5F47216C919}.Release|Any CPU.Deploy.0 = Release|iPhone
		{5640CA48-D977-4F68-8422-A5F47216C919}.Release|ARM.ActiveCfg = Release|iPhone
		{5640CA48-D977-4F68-8422-A5F47216C919}.Release|ARM.Build.0 = Release|iPhone
		{5640CA48-D977-4F68-8422-A5F47216C919}.Release|ARM.Deploy.0 = Release|iPhone
		{5640CA48-D977-4F68-8422-A5F47216C919}.Release|iPhone.ActiveCfg = Release|iPhone
		{5640CA48-D977-4F68-8422-A5F47216C919}.Release|iPhone.Build.0 = Release|iPhone
		{5640CA48-D977-4F68-8422-A5F47216C919}.Release|iPhone.Deploy.0 = Release|iPhone
		{5640CA48-D977-4F68-8422-A5F47216C919}.Release|iPhoneSimulator.ActiveCfg = Release|iPhoneSimulator
		{5640CA48-D977-4F68-8422-A5F47216C919}.Release|iPhoneSimulator.Build.0 = Release|iPhoneSimulator
		{5640CA48-D977-4F68-8422-A5F47216C919}.Release|iPhoneSimulator.Deploy.0 = Release|iPhoneSimulator
		{5640CA48-D977-4F68-8422-A5F47216C919}.Release|x64.ActiveCfg = Release|iPhone
		{5640CA48-D977-4F68-8422-A5F47216C919}.Release|x64.Build.0 = Release|iPhone
		{5640CA48-D977-4F68-8422-A5F47216C919}.Release|x64.Deploy.0 = Release|iPhone
		{5640CA48-D977-4F68-8422-A5F47216C919}.Release|x86.ActiveCfg = Release|iPhone
		{5640CA48-D977-4F68-8422-A5F47216C919}.Release|x86.Build.0 = Release|iPhone
		{5640CA48-D977-4F68-8422-A5F47216C919}.Release|x86.Deploy.0 = Release|iPhone
		{9144E29D-3BFB-43FC-8930-AD7679012355}.Ad-Hoc|Any CPU.ActiveCfg = Release|x86
		{9144E29D-3BFB-43FC-8930-AD7679012355}.Ad-Hoc|Any CPU.Build.0 = Release|x86
		{9144E29D-3BFB-43FC-8930-AD7679012355}.Ad-Hoc|Any CPU.Deploy.0 = Release|x86
		{9144E29D-3BFB-43FC-8930-AD7679012355}.Ad-Hoc|ARM.ActiveCfg = Release|ARM
		{9144E29D-3BFB-43FC-8930-AD7679012355}.Ad-Hoc|ARM.Build.0 = Release|ARM
		{9144E29D-3BFB-43FC-8930-AD7679012355}.Ad-Hoc|ARM.Deploy.0 = Release|ARM
		{9144E29D-3BFB-43FC-8930-AD7679012355}.Ad-Hoc|iPhone.ActiveCfg = Release|x86
		{9144E29D-3BFB-43FC-8930-AD7679012355}.Ad-Hoc|iPhone.Build.0 = Release|x86
		{9144E29D-3BFB-43FC-8930-AD7679012355}.Ad-Hoc|iPhone.Deploy.0 = Release|x86
		{9144E29D-3BFB-43FC-8930-AD7679012355}.Ad-Hoc|iPhoneSimulator.ActiveCfg = Release|x86
		{9144E29D-3BFB-43FC-8930-AD7679012355}.Ad-Hoc|iPhoneSimulator.Build.0 = Release|x86
		{9144E29D-3BFB-43FC-8930-AD7679012355}.Ad-Hoc|iPhoneSimulator.Deploy.0 = Release|x86
		{9144E29D-3BFB-43FC-8930-AD7679012355}.Ad-Hoc|x64.ActiveCfg = Release|x64
		{9144E29D-3BFB-43FC-8930-AD7679012355}.Ad-Hoc|x64.Build.0 = Release|x64
		{9144E29D-3BFB-43FC-8930-AD7679012355}.Ad-Hoc|x64.Deploy.0 = Release|x64
		{9144E29D-3BFB-43FC-8930-AD7679012355}.Ad-Hoc|x86.ActiveCfg = Release|x86
		{9144E29D-3BFB-43FC-8930-AD7679012355}.Ad-Hoc|x86.Build.0 = Release|x86
		{9144E29D-3BFB-43FC-8930-AD7679012355}.Ad-Hoc|x86.Deploy.0 = Release|x86
		{9144E29D-3BFB-43FC-8930-AD7679012355}.AppStore|Any CPU.ActiveCfg = Release|x86
		{9144E29D-3BFB-43FC-8930-AD7679012355}.AppStore|Any CPU.Build.0 = Release|x86
		{9144E29D-3BFB-43FC-8930-AD7679012355}.AppStore|Any CPU.Deploy.0 = Release|x86
		{9144E29D-3BFB-43FC-8930-AD7679012355}.AppStore|ARM.ActiveCfg = Release|ARM
		{9144E29D-3BFB-43FC-8930-AD7679012355}.AppStore|ARM.Build.0 = Release|ARM
		{9144E29D-3BFB-43FC-8930-AD7679012355}.AppStore|ARM.Deploy.0 = Release|ARM
		{9144E29D-3BFB-43FC-8930-AD7679012355}.AppStore|iPhone.ActiveCfg = Release|x86
		{9144E29D-3BFB-43FC-8930-AD7679012355}.AppStore|iPhone.Build.0 = Release|x86
		{9144E29D-3BFB-43FC-8930-AD7679012355}.AppStore|iPhone.Deploy.0 = Release|x86
		{9144E29D-3BFB-43FC-8930-AD7679012355}.AppStore|iPhoneSimulator.ActiveCfg = Release|x86
		{9144E29D-3BFB-43FC-8930-AD7679012355}.AppStore|iPhoneSimulator.Build.0 = Release|x86
		{9144E29D-3BFB-43FC-8930-AD7679012355}.AppStore|iPhoneSimulator.Deploy.0 = Release|x86
		{9144E29D-3BFB-43FC-8930-AD7679012355}.AppStore|x64.ActiveCfg = Release|x64
		{9144E29D-3BFB-43FC-8930-AD7679012355}.AppStore|x64.Build.0 = Release|x64
		{9144E29D-3BFB-43FC-8930-AD7679012355}.AppStore|x64.Deploy.0 = Release|x64
		{9144E29D-3BFB-43FC-8930-AD7679012355}.AppStore|x86.ActiveCfg = Release|x86
		{9144E29D-3BFB-43FC-8930-AD7679012355}.AppStore|x86.Build.0 = Release|x86
		{9144E29D-3BFB-43FC-8930-AD7679012355}.AppStore|x86.Deploy.0 = Release|x86
		{9144E29D-3BFB-43FC-8930-AD7679012355}.Debug|Any CPU.ActiveCfg = Debug|x86
		{9144E29D-3BFB-43FC-8930-AD7679012355}.Debug|Any CPU.Build.0 = Debug|x86
		{9144E29D-3BFB-43FC-8930-AD7679012355}.Debug|Any CPU.Deploy.0 = Debug|x86
		{9144E29D-3BFB-43FC-8930-AD7679012355}.Debug|ARM.ActiveCfg = Debug|ARM
		{9144E29D-3BFB-43FC-8930-AD7679012355}.Debug|ARM.Build.0 = Debug|ARM
		{9144E29D-3BFB-43FC-8930-AD7679012355}.Debug|ARM.Deploy.0 = Debug|ARM
		{9144E29D-3BFB-43FC-8930-AD7679012355}.Debug|iPhone.ActiveCfg = Debug|x86
		{9144E29D-3BFB-43FC-8930-AD7679012355}.Debug|iPhone.Build.0 = Debug|x86
		{9144E29D-3BFB-43FC-8930-AD7679012355}.Debug|iPhone.Deploy.0 = Debug|x86
		{9144E29D-3BFB-43FC-8930-AD7679012355}.Debug|iPhoneSimulator.ActiveCfg = Debug|x86
		{9144E29D-3BFB-43FC-8930-AD7679012355}.Debug|iPhoneSimulator.Build.0 = Debug|x86
		{9144E29D-3BFB-43FC-8930-AD7679012355}.Debug|iPhoneSimulator.Deploy.0 = Debug|x86
		{9144E29D-3BFB-43FC-8930-AD7679012355}.Debug|x64.ActiveCfg = Debug|x64
		{9144E29D-3BFB-43FC-8930-AD7679012355}.Debug|x64.Build.0 = Debug|x64
		{9144E29D-3BFB-43FC-8930-AD7679012355}.Debug|x64.Deploy.0 = Debug|x64
		{9144E29D-3BFB-43FC-8930-AD7679012355}.Debug|x86.ActiveCfg = Debug|x86
		{9144E29D-3BFB-43FC-8930-AD7679012355}.Debug|x86.Build.0 = Debug|x86
		{9144E29D-3BFB-43FC-8930-AD7679012355}.Debug|x86.Deploy.0 = Debug|x86
		{9144E29D-3BFB-43FC-8930-AD7679012355}.Release|Any CPU.ActiveCfg = Release|x86
		{9144E29D-3BFB-43FC-8930-AD7679012355}.Release|Any CPU.Build.0 = Release|x86
		{9144E29D-3BFB-43FC-8930-AD7679012355}.Release|Any CPU.Deploy.0 = Release|x86
		{9144E29D-3BFB-43FC-8930-AD7679012355}.Release|ARM.ActiveCfg = Release|ARM
		{9144E29D-3BFB-43FC-8930-AD7679012355}.Release|ARM.Build.0 = Release|ARM
		{9144E29D-3BFB-43FC-8930-AD7679012355}.Release|ARM.Deploy.0 = Release|ARM
		{9144E29D-3BFB-43FC-8930-AD7679012355}.Release|iPhone.ActiveCfg = Release|x86
		{9144E29D-3BFB-43FC-8930-AD7679012355}.Release|iPhone.Build.0 = Release|x86
		{9144E29D-3BFB-43FC-8930-AD7679012355}.Release|iPhone.Deploy.0 = Release|x86
		{9144E29D-3BFB-43FC-8930-AD7679012355}.Release|iPhoneSimulator.ActiveCfg = Release|x86
		{9144E29D-3BFB-43FC-8930-AD7679012355}.Release|iPhoneSimulator.Build.0 = Release|x86
		{9144E29D-3BFB-43FC-8930-AD7679012355}.Release|iPhoneSimulator.Deploy.0 = Release|x86
		{9144E29D-3BFB-43FC-8930-AD7679012355}.Release|x64.ActiveCfg = Release|x64
		{9144E29D-3BFB-43FC-8930-AD7679012355}.Release|x64.Build.0 = Release|x64
		{9144E29D-3BFB-43FC-8930-AD7679012355}.Release|x64.Deploy.0 = Release|x64
		{9144E29D-3BFB-43FC-8930-AD7679012355}.Release|x86.ActiveCfg = Release|x86
		{9144E29D-3BFB-43FC-8930-AD7679012355}.Release|x86.Build.0 = Release|x86
		{9144E29D-3BFB-43FC-8930-AD7679012355}.Release|x86.Deploy.0 = Release|x86
		{1CB0EB31-4428-495B-A2BB-78C7A3730D50}.Ad-Hoc|Any CPU.ActiveCfg = Debug|Any CPU
		{1CB0EB31-4428-495B-A2BB-78C7A3730D50}.Ad-Hoc|Any CPU.Build.0 = Debug|Any CPU
		{1CB0EB31-4428-495B-A2BB-78C7A3730D50}.Ad-Hoc|Any CPU.Deploy.0 = Debug|Any CPU
		{1CB0EB31-4428-495B-A2BB-78C7A3730D50}.Ad-Hoc|ARM.ActiveCfg = Debug|Any CPU
		{1CB0EB31-4428-495B-A2BB-78C7A3730D50}.Ad-Hoc|ARM.Build.0 = Debug|Any CPU
		{1CB0EB31-4428-495B-A2BB-78C7A3730D50}.Ad-Hoc|ARM.Deploy.0 = Debug|Any CPU
		{1CB0EB31-4428-495B-A2BB-78C7A3730D50}.Ad-Hoc|iPhone.ActiveCfg = Debug|Any CPU
		{1CB0EB31-4428-495B-A2BB-78C7A3730D50}.Ad-Hoc|iPhone.Build.0 = Debug|Any CPU
		{1CB0EB31-4428-495B-A2BB-78C7A3730D50}.Ad-Hoc|iPhone.Deploy.0 = Debug|Any CPU
		{1CB0EB31-4428-495B-A2BB-78C7A3730D50}.Ad-Hoc|iPhoneSimulator.ActiveCfg = Debug|Any CPU
		{1CB0EB31-4428-495B-A2BB-78C7A3730D50}.Ad-Hoc|iPhoneSimulator.Build.0 = Debug|Any CPU
		{1CB0EB31-4428-495B-A2BB-78C7A3730D50}.Ad-Hoc|iPhoneSimulator.Deploy.0 = Debug|Any CPU
		{1CB0EB31-4428-495B-A2BB-78C7A3730D50}.Ad-Hoc|x64.ActiveCfg = Debug|Any CPU
		{1CB0EB31-4428-495B-A2BB-78C7A3730D50}.Ad-Hoc|x64.Build.0 = Debug|Any CPU
		{1CB0EB31-4428-495B-A2BB-78C7A3730D50}.Ad-Hoc|x64.Deploy.0 = Debug|Any CPU
		{1CB0EB31-4428-495B-A2BB-78C7A3730D50}.Ad-Hoc|x86.ActiveCfg = Debug|Any CPU
		{1CB0EB31-4428-495B-A2BB-78C7A3730D50}.Ad-Hoc|x86.Build.0 = Debug|Any CPU
		{1CB0EB31-4428-495B-A2BB-78C7A3730D50}.Ad-Hoc|x86.Deploy.0 = Debug|Any CPU
		{1CB0EB31-4428-495B-A2BB-78C7A3730D50}.AppStore|Any CPU.ActiveCfg = Debug|Any CPU
		{1CB0EB31-4428-495B-A2BB-78C7A3730D50}.AppStore|Any CPU.Build.0 = Debug|Any CPU
		{1CB0EB31-4428-495B-A2BB-78C7A3730D50}.AppStore|Any CPU.Deploy.0 = Debug|Any CPU
		{1CB0EB31-4428-495B-A2BB-78C7A3730D50}.AppStore|ARM.ActiveCfg = Debug|Any CPU
		{1CB0EB31-4428-495B-A2BB-78C7A3730D50}.AppStore|ARM.Build.0 = Debug|Any CPU
		{1CB0EB31-4428-495B-A2BB-78C7A3730D50}.AppStore|ARM.Deploy.0 = Debug|Any CPU
		{1CB0EB31-4428-495B-A2BB-78C7A3730D50}.AppStore|iPhone.ActiveCfg = Debug|Any CPU
		{1CB0EB31-4428-495B-A2BB-78C7A3730D50}.AppStore|iPhone.Build.0 = Debug|Any CPU
		{1CB0EB31-4428-495B-A2BB-78C7A3730D50}.AppStore|iPhone.Deploy.0 = Debug|Any CPU
		{1CB0EB31-4428-495B-A2BB-78C7A3730D50}.AppStore|iPhoneSimulator.ActiveCfg = Debug|Any CPU
		{1CB0EB31-4428-495B-A2BB-78C7A3730D50}.AppStore|iPhoneSimulator.Build.0 = Debug|Any CPU
		{1CB0EB31-4428-495B-A2BB-78C7A3730D50}.AppStore|iPhoneSimulator.Deploy.0 = Debug|Any CPU
		{1CB0EB31-4428-495B-A2BB-78C7A3730D50}.AppStore|x64.ActiveCfg = Debug|Any CPU
		{1CB0EB31-4428-495B-A2BB-78C7A3730D50}.AppStore|x64.Build.0 = Debug|Any CPU
		{1CB0EB31-4428-495B-A2BB-78C7A3730D50}.AppStore|x64.Deploy.0 = Debug|Any CPU
		{1CB0EB31-4428-495B-A2BB-78C7A3730D50}.AppStore|x86.ActiveCfg = Debug|Any CPU
		{1CB0EB31-4428-495B-A2BB-78C7A3730D50}.AppStore|x86.Build.0 = Debug|Any CPU
		{1CB0EB31-4428-495B-A2BB-78C7A3730D50}.AppStore|x86.Deploy.0 = Debug|Any CPU
		{1CB0EB31-4428-495B-A2BB-78C7A3730D50}.Debug|Any CPU.ActiveCfg = Debug|Any CPU
		{1CB0EB31-4428-495B-A2BB-78C7A3730D50}.Debug|Any CPU.Build.0 = Debug|Any CPU
		{1CB0EB31-4428-495B-A2BB-78C7A3730D50}.Debug|Any CPU.Deploy.0 = Debug|Any CPU
		{1CB0EB31-4428-495B-A2BB-78C7A3730D50}.Debug|ARM.ActiveCfg = Debug|Any CPU
		{1CB0EB31-4428-495B-A2BB-78C7A3730D50}.Debug|ARM.Build.0 = Debug|Any CPU
		{1CB0EB31-4428-495B-A2BB-78C7A3730D50}.Debug|ARM.Deploy.0 = Debug|Any CPU
		{1CB0EB31-4428-495B-A2BB-78C7A3730D50}.Debug|iPhone.ActiveCfg = Debug|Any CPU
		{1CB0EB31-4428-495B-A2BB-78C7A3730D50}.Debug|iPhone.Build.0 = Debug|Any CPU
		{1CB0EB31-4428-495B-A2BB-78C7A3730D50}.Debug|iPhone.Deploy.0 = Debug|Any CPU
		{1CB0EB31-4428-495B-A2BB-78C7A3730D50}.Debug|iPhoneSimulator.ActiveCfg = Debug|Any CPU
		{1CB0EB31-4428-495B-A2BB-78C7A3730D50}.Debug|iPhoneSimulator.Build.0 = Debug|Any CPU
		{1CB0EB31-4428-495B-A2BB-78C7A3730D50}.Debug|iPhoneSimulator.Deploy.0 = Debug|Any CPU
		{1CB0EB31-4428-495B-A2BB-78C7A3730D50}.Debug|x64.ActiveCfg = Debug|Any CPU
		{1CB0EB31-4428-495B-A2BB-78C7A3730D50}.Debug|x64.Build.0 = Debug|Any CPU
		{1CB0EB31-4428-495B-A2BB-78C7A3730D50}.Debug|x64.Deploy.0 = Debug|Any CPU
		{1CB0EB31-4428-495B-A2BB-78C7A3730D50}.Debug|x86.ActiveCfg = Debug|Any CPU
		{1CB0EB31-4428-495B-A2BB-78C7A3730D50}.Debug|x86.Build.0 = Debug|Any CPU
		{1CB0EB31-4428-495B-A2BB-78C7A3730D50}.Debug|x86.Deploy.0 = Debug|Any CPU
		{1CB0EB31-4428-495B-A2BB-78C7A3730D50}.Release|Any CPU.ActiveCfg = Release|Any CPU
		{1CB0EB31-4428-495B-A2BB-78C7A3730D50}.Release|Any CPU.Build.0 = Release|Any CPU
		{1CB0EB31-4428-495B-A2BB-78C7A3730D50}.Release|Any CPU.Deploy.0 = Release|Any CPU
		{1CB0EB31-4428-495B-A2BB-78C7A3730D50}.Release|ARM.ActiveCfg = Release|Any CPU
		{1CB0EB31-4428-495B-A2BB-78C7A3730D50}.Release|ARM.Build.0 = Release|Any CPU
		{1CB0EB31-4428-495B-A2BB-78C7A3730D50}.Release|ARM.Deploy.0 = Release|Any CPU
		{1CB0EB31-4428-495B-A2BB-78C7A3730D50}.Release|iPhone.ActiveCfg = Release|Any CPU
		{1CB0EB31-4428-495B-A2BB-78C7A3730D50}.Release|iPhone.Build.0 = Release|Any CPU
		{1CB0EB31-4428-495B-A2BB-78C7A3730D50}.Release|iPhone.Deploy.0 = Release|Any CPU
		{1CB0EB31-4428-495B-A2BB-78C7A3730D50}.Release|iPhoneSimulator.ActiveCfg = Release|Any CPU
		{1CB0EB31-4428-495B-A2BB-78C7A3730D50}.Release|iPhoneSimulator.Build.0 = Release|Any CPU
		{1CB0EB31-4428-495B-A2BB-78C7A3730D50}.Release|iPhoneSimulator.Deploy.0 = Release|Any CPU
		{1CB0EB31-4428-495B-A2BB-78C7A3730D50}.Release|x64.ActiveCfg = Release|Any CPU
		{1CB0EB31-4428-495B-A2BB-78C7A3730D50}.Release|x64.Build.0 = Release|Any CPU
		{1CB0EB31-4428-495B-A2BB-78C7A3730D50}.Release|x64.Deploy.0 = Release|Any CPU
		{1CB0EB31-4428-495B-A2BB-78C7A3730D50}.Release|x86.ActiveCfg = Release|Any CPU
		{1CB0EB31-4428-495B-A2BB-78C7A3730D50}.Release|x86.Build.0 = Release|Any CPU
		{1CB0EB31-4428-495B-A2BB-78C7A3730D50}.Release|x86.Deploy.0 = Release|Any CPU
		{093FC924-E56F-41BB-95C3-5C4779A57FE6}.Ad-Hoc|Any CPU.ActiveCfg = Release|Any CPU
		{093FC924-E56F-41BB-95C3-5C4779A57FE6}.Ad-Hoc|Any CPU.Build.0 = Release|Any CPU
		{093FC924-E56F-41BB-95C3-5C4779A57FE6}.Ad-Hoc|ARM.ActiveCfg = Release|Any CPU
		{093FC924-E56F-41BB-95C3-5C4779A57FE6}.Ad-Hoc|ARM.Build.0 = Release|Any CPU
		{093FC924-E56F-41BB-95C3-5C4779A57FE6}.Ad-Hoc|iPhone.ActiveCfg = Release|Any CPU
		{093FC924-E56F-41BB-95C3-5C4779A57FE6}.Ad-Hoc|iPhone.Build.0 = Release|Any CPU
		{093FC924-E56F-41BB-95C3-5C4779A57FE6}.Ad-Hoc|iPhoneSimulator.ActiveCfg = Release|Any CPU
		{093FC924-E56F-41BB-95C3-5C4779A57FE6}.Ad-Hoc|iPhoneSimulator.Build.0 = Release|Any CPU
		{093FC924-E56F-41BB-95C3-5C4779A57FE6}.Ad-Hoc|x64.ActiveCfg = Release|Any CPU
		{093FC924-E56F-41BB-95C3-5C4779A57FE6}.Ad-Hoc|x64.Build.0 = Release|Any CPU
		{093FC924-E56F-41BB-95C3-5C4779A57FE6}.Ad-Hoc|x86.ActiveCfg = Release|Any CPU
		{093FC924-E56F-41BB-95C3-5C4779A57FE6}.Ad-Hoc|x86.Build.0 = Release|Any CPU
		{093FC924-E56F-41BB-95C3-5C4779A57FE6}.AppStore|Any CPU.ActiveCfg = Release|Any CPU
		{093FC924-E56F-41BB-95C3-5C4779A57FE6}.AppStore|Any CPU.Build.0 = Release|Any CPU
		{093FC924-E56F-41BB-95C3-5C4779A57FE6}.AppStore|ARM.ActiveCfg = Release|Any CPU
		{093FC924-E56F-41BB-95C3-5C4779A57FE6}.AppStore|ARM.Build.0 = Release|Any CPU
		{093FC924-E56F-41BB-95C3-5C4779A57FE6}.AppStore|iPhone.ActiveCfg = Release|Any CPU
		{093FC924-E56F-41BB-95C3-5C4779A57FE6}.AppStore|iPhone.Build.0 = Release|Any CPU
		{093FC924-E56F-41BB-95C3-5C4779A57FE6}.AppStore|iPhoneSimulator.ActiveCfg = Release|Any CPU
		{093FC924-E56F-41BB-95C3-5C4779A57FE6}.AppStore|iPhoneSimulator.Build.0 = Release|Any CPU
		{093FC924-E56F-41BB-95C3-5C4779A57FE6}.AppStore|x64.ActiveCfg = Release|Any CPU
		{093FC924-E56F-41BB-95C3-5C4779A57FE6}.AppStore|x64.Build.0 = Release|Any CPU
		{093FC924-E56F-41BB-95C3-5C4779A57FE6}.AppStore|x86.ActiveCfg = Release|Any CPU
		{093FC924-E56F-41BB-95C3-5C4779A57FE6}.AppStore|x86.Build.0 = Release|Any CPU
		{093FC924-E56F-41BB-95C3-5C4779A57FE6}.Debug|Any CPU.ActiveCfg = Debug|Any CPU
		{093FC924-E56F-41BB-95C3-5C4779A57FE6}.Debug|Any CPU.Build.0 = Debug|Any CPU
		{093FC924-E56F-41BB-95C3-5C4779A57FE6}.Debug|ARM.ActiveCfg = Debug|Any CPU
		{093FC924-E56F-41BB-95C3-5C4779A57FE6}.Debug|ARM.Build.0 = Debug|Any CPU
		{093FC924-E56F-41BB-95C3-5C4779A57FE6}.Debug|iPhone.ActiveCfg = Debug|Any CPU
		{093FC924-E56F-41BB-95C3-5C4779A57FE6}.Debug|iPhone.Build.0 = Debug|Any CPU
		{093FC924-E56F-41BB-95C3-5C4779A57FE6}.Debug|iPhoneSimulator.ActiveCfg = Debug|Any CPU
		{093FC924-E56F-41BB-95C3-5C4779A57FE6}.Debug|iPhoneSimulator.Build.0 = Debug|Any CPU
		{093FC924-E56F-41BB-95C3-5C4779A57FE6}.Debug|x64.ActiveCfg = Debug|Any CPU
		{093FC924-E56F-41BB-95C3-5C4779A57FE6}.Debug|x64.Build.0 = Debug|Any CPU
		{093FC924-E56F-41BB-95C3-5C4779A57FE6}.Debug|x86.ActiveCfg = Debug|Any CPU
		{093FC924-E56F-41BB-95C3-5C4779A57FE6}.Debug|x86.Build.0 = Debug|Any CPU
		{093FC924-E56F-41BB-95C3-5C4779A57FE6}.Release|Any CPU.ActiveCfg = Release|Any CPU
		{093FC924-E56F-41BB-95C3-5C4779A57FE6}.Release|Any CPU.Build.0 = Release|Any CPU
		{093FC924-E56F-41BB-95C3-5C4779A57FE6}.Release|ARM.ActiveCfg = Release|Any CPU
		{093FC924-E56F-41BB-95C3-5C4779A57FE6}.Release|ARM.Build.0 = Release|Any CPU
		{093FC924-E56F-41BB-95C3-5C4779A57FE6}.Release|iPhone.ActiveCfg = Release|Any CPU
		{093FC924-E56F-41BB-95C3-5C4779A57FE6}.Release|iPhone.Build.0 = Release|Any CPU
		{093FC924-E56F-41BB-95C3-5C4779A57FE6}.Release|iPhoneSimulator.ActiveCfg = Release|Any CPU
		{093FC924-E56F-41BB-95C3-5C4779A57FE6}.Release|iPhoneSimulator.Build.0 = Release|Any CPU
		{093FC924-E56F-41BB-95C3-5C4779A57FE6}.Release|x64.ActiveCfg = Release|Any CPU
		{093FC924-E56F-41BB-95C3-5C4779A57FE6}.Release|x64.Build.0 = Release|Any CPU
		{093FC924-E56F-41BB-95C3-5C4779A57FE6}.Release|x86.ActiveCfg = Release|Any CPU
		{093FC924-E56F-41BB-95C3-5C4779A57FE6}.Release|x86.Build.0 = Release|Any CPU
		{19876C69-AE11-4460-A3E6-2567F98F1C76}.Ad-Hoc|Any CPU.ActiveCfg = Release|iPhone
		{19876C69-AE11-4460-A3E6-2567F98F1C76}.Ad-Hoc|Any CPU.Build.0 = Release|iPhone
		{19876C69-AE11-4460-A3E6-2567F98F1C76}.Ad-Hoc|ARM.ActiveCfg = Release|iPhone
		{19876C69-AE11-4460-A3E6-2567F98F1C76}.Ad-Hoc|ARM.Build.0 = Release|iPhone
		{19876C69-AE11-4460-A3E6-2567F98F1C76}.Ad-Hoc|iPhone.ActiveCfg = Release|iPhone
		{19876C69-AE11-4460-A3E6-2567F98F1C76}.Ad-Hoc|iPhone.Build.0 = Release|iPhone
		{19876C69-AE11-4460-A3E6-2567F98F1C76}.Ad-Hoc|iPhoneSimulator.ActiveCfg = Release|iPhoneSimulator
		{19876C69-AE11-4460-A3E6-2567F98F1C76}.Ad-Hoc|iPhoneSimulator.Build.0 = Release|iPhoneSimulator
		{19876C69-AE11-4460-A3E6-2567F98F1C76}.Ad-Hoc|x64.ActiveCfg = Release|iPhone
		{19876C69-AE11-4460-A3E6-2567F98F1C76}.Ad-Hoc|x64.Build.0 = Release|iPhone
		{19876C69-AE11-4460-A3E6-2567F98F1C76}.Ad-Hoc|x86.ActiveCfg = Release|iPhone
		{19876C69-AE11-4460-A3E6-2567F98F1C76}.Ad-Hoc|x86.Build.0 = Release|iPhone
		{19876C69-AE11-4460-A3E6-2567F98F1C76}.AppStore|Any CPU.ActiveCfg = Release|iPhone
		{19876C69-AE11-4460-A3E6-2567F98F1C76}.AppStore|Any CPU.Build.0 = Release|iPhone
		{19876C69-AE11-4460-A3E6-2567F98F1C76}.AppStore|ARM.ActiveCfg = Release|iPhone
		{19876C69-AE11-4460-A3E6-2567F98F1C76}.AppStore|ARM.Build.0 = Release|iPhone
		{19876C69-AE11-4460-A3E6-2567F98F1C76}.AppStore|iPhone.ActiveCfg = Release|iPhone
		{19876C69-AE11-4460-A3E6-2567F98F1C76}.AppStore|iPhone.Build.0 = Release|iPhone
		{19876C69-AE11-4460-A3E6-2567F98F1C76}.AppStore|iPhoneSimulator.ActiveCfg = Release|iPhoneSimulator
		{19876C69-AE11-4460-A3E6-2567F98F1C76}.AppStore|iPhoneSimulator.Build.0 = Release|iPhoneSimulator
		{19876C69-AE11-4460-A3E6-2567F98F1C76}.AppStore|x64.ActiveCfg = Release|iPhone
		{19876C69-AE11-4460-A3E6-2567F98F1C76}.AppStore|x64.Build.0 = Release|iPhone
		{19876C69-AE11-4460-A3E6-2567F98F1C76}.AppStore|x86.ActiveCfg = Release|iPhone
		{19876C69-AE11-4460-A3E6-2567F98F1C76}.AppStore|x86.Build.0 = Release|iPhone
		{19876C69-AE11-4460-A3E6-2567F98F1C76}.Debug|Any CPU.ActiveCfg = Debug|iPhone
		{19876C69-AE11-4460-A3E6-2567F98F1C76}.Debug|ARM.ActiveCfg = Debug|iPhone
		{19876C69-AE11-4460-A3E6-2567F98F1C76}.Debug|iPhone.ActiveCfg = Debug|iPhone
		{19876C69-AE11-4460-A3E6-2567F98F1C76}.Debug|iPhone.Build.0 = Debug|iPhone
		{19876C69-AE11-4460-A3E6-2567F98F1C76}.Debug|iPhoneSimulator.ActiveCfg = Debug|iPhoneSimulator
		{19876C69-AE11-4460-A3E6-2567F98F1C76}.Debug|iPhoneSimulator.Build.0 = Debug|iPhoneSimulator
		{19876C69-AE11-4460-A3E6-2567F98F1C76}.Debug|x64.ActiveCfg = Debug|iPhone
		{19876C69-AE11-4460-A3E6-2567F98F1C76}.Debug|x86.ActiveCfg = Debug|iPhone
		{19876C69-AE11-4460-A3E6-2567F98F1C76}.Release|Any CPU.ActiveCfg = Release|iPhone
		{19876C69-AE11-4460-A3E6-2567F98F1C76}.Release|ARM.ActiveCfg = Release|iPhone
		{19876C69-AE11-4460-A3E6-2567F98F1C76}.Release|iPhone.ActiveCfg = Release|iPhone
		{19876C69-AE11-4460-A3E6-2567F98F1C76}.Release|iPhone.Build.0 = Release|iPhone
		{19876C69-AE11-4460-A3E6-2567F98F1C76}.Release|iPhoneSimulator.ActiveCfg = Release|iPhoneSimulator
		{19876C69-AE11-4460-A3E6-2567F98F1C76}.Release|iPhoneSimulator.Build.0 = Release|iPhoneSimulator
		{19876C69-AE11-4460-A3E6-2567F98F1C76}.Release|x64.ActiveCfg = Release|iPhone
		{19876C69-AE11-4460-A3E6-2567F98F1C76}.Release|x86.ActiveCfg = Release|iPhone
	EndGlobalSection
	GlobalSection(SolutionProperties) = preSolution
		HideSolutionNode = FALSE
	EndGlobalSection
	GlobalSection(ExtensibilityGlobals) = postSolution
		SolutionGuid = {74E5499B-2139-4580-B0FF-6E29A0CA971C}
	EndGlobalSection
EndGlobal
